PODS:
  - AFNetworking (3.1.0):
    - AFNetworking/NSURLSession (= 3.1.0)
    - AFNetworking/Reachability (= 3.1.0)
    - AFNetworking/Security (= 3.1.0)
    - AFNetworking/Serialization (= 3.1.0)
    - AFNetworking/UIKit (= 3.1.0)
  - AFNetworking/NSURLSession (3.1.0):
    - AFNetworking/Reachability
    - AFNetworking/Security
    - AFNetworking/Serialization
  - AFNetworking/Reachability (3.1.0)
  - AFNetworking/Security (3.1.0)
  - AFNetworking/Serialization (3.1.0)
  - AFNetworking/UIKit (3.1.0):
    - AFNetworking/NSURLSession
  - Alamofire (4.9.1)
  - ASIHTTPRequest (1.8.2):
    - ASIHTTPRequest/ASIWebPageRequest (= 1.8.2)
    - ASIHTTPRequest/CloudFiles (= 1.8.2)
    - ASIHTTPRequest/Core (= 1.8.2)
    - ASIHTTPRequest/S3 (= 1.8.2)
  - ASIHTTPRequest/ASIWebPageRequest (1.8.2):
    - ASIHTTPRequest/Core
  - ASIHTTPRequest/CloudFiles (1.8.2):
    - ASIHTTPRequest/Core
  - ASIHTTPRequest/Core (1.8.2):
    - Reachability
  - ASIHTTPRequest/S3 (1.8.2):
    - ASIHTTPRequest/Core
  - CollectionKit (2.4.0):
    - CollectionKit/Core (= 2.4.0)
  - CollectionKit/Core (2.4.0)
  - Crashlytics (3.14.0):
    - Fabric (~> 1.10.2)
  - DJRefresh (1.0.5)
  - DZNEmptyDataSet (1.8.1)
  - Fabric (1.10.2)
  - Firebase/Analytics (6.25.0):
    - Firebase/Core
  - Firebase/Core (6.25.0):
    - Firebase/CoreOnly
    - FirebaseAnalytics (= 6.5.1)
  - Firebase/CoreOnly (6.25.0):
    - FirebaseCore (= 6.7.1)
  - FirebaseAnalytics (6.5.1):
    - FirebaseCore (~> 6.7)
    - FirebaseInstallations (~> 1.2)
    - GoogleAppMeasurement (= 6.5.1)
    - GoogleUtilities/AppDelegateSwizzler (~> 6.0)
    - GoogleUtilities/MethodSwizzler (~> 6.0)
    - GoogleUtilities/Network (~> 6.0)
    - "GoogleUtilities/NSData+zlib (~> 6.0)"
    - nanopb (~> 1.30905.0)
  - FirebaseCore (6.7.1):
    - FirebaseCoreDiagnostics (~> 1.3)
    - FirebaseCoreDiagnosticsInterop (~> 1.2)
    - GoogleUtilities/Environment (~> 6.5)
    - GoogleUtilities/Logger (~> 6.5)
  - FirebaseCoreDiagnostics (1.3.0):
    - FirebaseCoreDiagnosticsInterop (~> 1.2)
    - GoogleDataTransportCCTSupport (~> 3.1)
    - GoogleUtilities/Environment (~> 6.5)
    - GoogleUtilities/Logger (~> 6.5)
    - nanopb (~> 1.30905.0)
  - FirebaseCoreDiagnosticsInterop (1.2.0)
  - FirebaseInstallations (1.2.0):
    - FirebaseCore (~> 6.6)
    - GoogleUtilities/Environment (~> 6.6)
    - GoogleUtilities/UserDefaults (~> 6.6)
    - PromisesObjC (~> 1.2)
  - GoogleAppMeasurement (6.5.1):
    - GoogleUtilities/AppDelegateSwizzler (~> 6.0)
    - GoogleUtilities/MethodSwizzler (~> 6.0)
    - GoogleUtilities/Network (~> 6.0)
    - "GoogleUtilities/NSData+zlib (~> 6.0)"
    - nanopb (~> 1.30905.0)
  - GoogleDataTransport (6.1.1)
  - GoogleDataTransportCCTSupport (3.1.0):
    - GoogleDataTransport (~> 6.1)
    - nanopb (~> 1.30905.0)
  - GoogleUtilities/AppDelegateSwizzler (6.6.0):
    - GoogleUtilities/Environment
    - GoogleUtilities/Logger
    - GoogleUtilities/Network
  - GoogleUtilities/Environment (6.6.0):
    - PromisesObjC (~> 1.2)
  - GoogleUtilities/Logger (6.6.0):
    - GoogleUtilities/Environment
  - GoogleUtilities/MethodSwizzler (6.6.0):
    - GoogleUtilities/Logger
  - GoogleUtilities/Network (6.6.0):
    - GoogleUtilities/Logger
    - "GoogleUtilities/NSData+zlib"
    - GoogleUtilities/Reachability
  - "GoogleUtilities/NSData+zlib (6.6.0)"
  - GoogleUtilities/Reachability (6.6.0):
    - GoogleUtilities/Logger
  - GoogleUtilities/UserDefaults (6.6.0):
    - GoogleUtilities/Logger
  - HandyJSON (5.0.1)
  - HUPhotoBrowser (1.4.5):
    - SVProgressHUD
  - JXPhotoBrowser (2.1.5):
    - JXPhotoBrowser/Kingfisher (= 2.1.5)
  - JXPhotoBrowser/Core (2.1.5)
  - JXPhotoBrowser/Kingfisher (2.1.5):
    - JXPhotoBrowser/Core
    - Kingfisher
  - Kingfisher (4.10.1)
  - LGPlusButtonsView (1.1.1)
  - Masonry (1.1.0)
  - MBProgressHUD (1.0.0)
  - Moya (13.0.1):
    - Moya/Core (= 13.0.1)
  - Moya/Core (13.0.1):
    - Alamofire (~> 4.1)
    - Result (~> 4.1)
  - nanopb (1.30905.0):
    - nanopb/decode (= 1.30905.0)
    - nanopb/encode (= 1.30905.0)
  - nanopb/decode (1.30905.0)
  - nanopb/encode (1.30905.0)
  - PromisesObjC (1.2.8)
  - Reachability (3.2)
  - Result (4.1.0)
  - Reveal-SDK (19)
  - RxCocoa (5.1.1):
    - RxRelay (~> 5)
    - RxSwift (~> 5)
  - RxRelay (5.1.1):
    - RxSwift (~> 5)
  - RxSwift (5.1.1)
  - SDWebImage (3.8.3):
    - SDWebImage/Core (= 3.8.3)
  - SDWebImage/Core (3.8.3)
  - SnapKit (4.0.1)
  - SQLite.swift (0.12.2):
    - SQLite.swift/standard (= 0.12.2)
  - SQLite.swift/standard (0.12.2)
  - SVProgressHUD (2.2.5)
  - SwiftMessages (7.0.1):
    - SwiftMessages/App (= 7.0.1)
  - SwiftMessages/App (7.0.1)
  - SwiftyJSON (5.0.0)
  - SwiftyStoreKit (0.15.0)
  - TagListView (1.4.0)
  - "UITableView+FDTemplateLayoutCell (1.6)"
  - UMengUShare/Core (6.4.8.2):
    - UMengUShare/Network
  - UMengUShare/Network (6.4.8.2)
  - UMengUShare/Social/ReducedQQ (6.4.8.2):
    - UMengUShare/Core
  - UMengUShare/Social/ReducedSina (6.4.8.2):
    - UMengUShare/Core
  - UMengUShare/Social/ReducedWeChat (6.4.8.2):
    - UMengUShare/Core
  - UMengUShare/UI (6.4.8.2):
    - UMengUShare/Core
  - YCXMenu (0.0.11)

DEPENDENCIES:
  - AFNetworking (~> 3.1.0)
  - Alamofire
  - ASIHTTPRequest
  - CollectionKit
  - Crashlytics (~> 3.14.0)
  - DJRefresh (~> 1.0.5)
  - DZNEmptyDataSet
  - Fabric (~> 1.10.2)
  - Firebase/Analytics
  - HandyJSON
  - HUPhotoBrowser
  - JXPhotoBrowser (= 2.1.5)
  - Kingfisher
  - LGPlusButtonsView (~> 1.1.0)
  - Masonry
  - MBProgressHUD (~> 1.0.0)
  - Moya
  - Reveal-SDK (~> 19)
  - RxCocoa
  - SDWebImage (~> 3.8)
  - SnapKit (~> 4.0.0)
  - SQLite.swift
  - SwiftMessages
  - SwiftyJSON
  - SwiftyStoreKit
  - TagListView
  - "UITableView+FDTemplateLayoutCell"
  - UMengUShare/Social/ReducedQQ
  - UMengUShare/Social/ReducedSina
  - UMengUShare/Social/ReducedWeChat
  - UMengUShare/UI
  - YCXMenu (~> 0.0.11)

SPEC REPOS:
  https://github.com/CocoaPods/Specs.git:
    - AFNetworking
    - Alamofire
    - ASIHTTPRequest
    - CollectionKit
    - DJRefresh
    - DZNEmptyDataSet
    - HandyJSON
    - HUPhotoBrowser
    - JXPhotoBrowser
    - Kingfisher
    - LGPlusButtonsView
    - Masonry
    - MBProgressHUD
    - Moya
    - Reachability
    - Result
    - Reveal-SDK
    - RxCocoa
    - RxRelay
    - RxSwift
    - SDWebImage
    - SnapKit
    - SQLite.swift
    - SVProgressHUD
    - SwiftMessages
    - SwiftyJSON
    - SwiftyStoreKit
    - TagListView
    - "UITableView+FDTemplateLayoutCell"
    - UMengUShare
    - YCXMenu
  trunk:
    - Crashlytics
    - Fabric
    - Firebase
    - FirebaseAnalytics
    - FirebaseCore
    - FirebaseCoreDiagnostics
    - FirebaseCoreDiagnosticsInterop
    - FirebaseInstallations
    - GoogleAppMeasurement
    - GoogleDataTransport
    - GoogleDataTransportCCTSupport
    - GoogleUtilities
    - nanopb
    - PromisesObjC

SPEC CHECKSUMS:
  AFNetworking: 5e0e199f73d8626b11e79750991f5d173d1f8b67
  Alamofire: 85e8a02c69d6020a0d734f6054870d7ecb75cf18
  ASIHTTPRequest: ec013992946676b7978dcbde6396d57312d21db4
  CollectionKit: 8f01e7629185bb81072c4aa734d105df5c2d1c8b
  Crashlytics: 540b7e5f5da5a042647227a5e3ac51d85eed06df
  DJRefresh: 32b3776546004faddddc28035442ba15e07c5f1b
  DZNEmptyDataSet: 9525833b9e68ac21c30253e1d3d7076cc828eaa7
  Fabric: 706c8b8098fff96c33c0db69cbf81f9c551d0d74
  Firebase: 5719b4f965f76643241a1bb8244483ff6117db39
  FirebaseAnalytics: 93565f3f0f0f50a5d8770850bfe6a82eaba5db27
  FirebaseCore: 6023faeada5afa95a349fccafb40900e32e9ac42
  FirebaseCoreDiagnostics: 4a773a47bd83bbd5a9b1ccf1ce7caa8b2d535e67
  FirebaseCoreDiagnosticsInterop: 296e2c5f5314500a850ad0b83e9e7c10b011a850
  FirebaseInstallations: 2119fb3e46b0a88bfdbf12562f855ee3252462fa
  GoogleAppMeasurement: 137afe68bfa406c3f4221b9395253d9e5d4654cf
  GoogleDataTransport: ad884314b81cdb808fb1d23787b367ff8da4e28a
  GoogleDataTransportCCTSupport: d70a561f7d236af529fee598835caad5e25f6d3d
  GoogleUtilities: 39530bc0ad980530298e9c4af8549e991fd033b1
  HandyJSON: d45b8415c501e3affc59ca9762c1197ff0feb646
  HUPhotoBrowser: 87a8333c111a4e71ebf5400bf66d0eeb522c0098
  JXPhotoBrowser: 0178c485d1dbad1ef1dcbb24e4f463d80c30369d
  Kingfisher: c148cd7b47ebde9989f6bc7c27dcaa79d81279a0
  LGPlusButtonsView: 57878cd3d461d0ee2042f5b7b25d1c017e22a084
  Masonry: 678fab65091a9290e40e2832a55e7ab731aad201
  MBProgressHUD: 4890f671c94e8a0f3cf959aa731e9de2f036d71a
  Moya: f4a4b80ff2f8a4ffc208dfb31cd91636622fee6e
  nanopb: c43f40fadfe79e8b8db116583945847910cbabc9
  PromisesObjC: c119f3cd559f50b7ae681fa59dc1acd19173b7e6
  Reachability: 33e18b67625424e47b6cde6d202dce689ad7af96
  Result: bd966fac789cc6c1563440b348ab2598cc24d5c7
  Reveal-SDK: 9f0d2c6c12eb7507921e5454ac165b7aa21140a4
  RxCocoa: 32065309a38d29b5b0db858819b5bf9ef038b601
  RxRelay: d77f7d771495f43c556cbc43eebd1bb54d01e8e9
  RxSwift: 81470a2074fa8780320ea5fe4102807cb7118178
  SDWebImage: a72e880a8fe0f7fc31efe15aaed443c074d2a80c
  SnapKit: 0de968a9fec17499afa29683b05d0c775b6d1c29
  SQLite.swift: d2b4642190917051ce6bd1d49aab565fe794eea3
  SVProgressHUD: 1428aafac632c1f86f62aa4243ec12008d7a51d6
  SwiftMessages: b577dc7043be8b299857ab35bb663dbff6483bd0
  SwiftyJSON: 36413e04c44ee145039d332b4f4e2d3e8d6c4db7
  SwiftyStoreKit: 033d06b6f87955405d3f844a18a7687c2438592a
  TagListView: 987b0bdbb16cd9d9e7c0e2ec32aff37ecba8b173
  "UITableView+FDTemplateLayoutCell": 5c949b4a5059c404b442926c0e80f81d10a2d66f
  UMengUShare: 370d180101e13ee0227ae657ab119ba97243d2b3
  YCXMenu: 6003bcd20d8ac72e3eb3c442c97ed21948c6dc1f

PODFILE CHECKSUM: 14d17f0a94c4602b54d57d5d1e4a03c5e9013798

COCOAPODS: 1.9.1
