PODS:
  - AFNetworking (3.1.0):
    - AFNetworking/NSURLSession (= 3.1.0)
    - AFNetworking/Reachability (= 3.1.0)
    - AFNetworking/Security (= 3.1.0)
    - AFNetworking/Serialization (= 3.1.0)
    - AFNetworking/UIKit (= 3.1.0)
  - AFNetworking/NSURLSession (3.1.0):
    - AFNetworking/Reachability
    - AFNetworking/Security
    - AFNetworking/Serialization
  - AFNetworking/Reachability (3.1.0)
  - AFNetworking/Security (3.1.0)
  - AFNetworking/Serialization (3.1.0)
  - AFNetworking/UIKit (3.1.0):
    - AFNetworking/NSURLSession
  - ASIHTTPRequest (1.8.2):
    - ASIHTTPRequest/ASIWebPageRequest (= 1.8.2)
    - ASIHTTPRequest/CloudFiles (= 1.8.2)
    - ASIHTTPRequest/Core (= 1.8.2)
    - ASIHTTPRequest/S3 (= 1.8.2)
  - ASIHTTPRequest/ASIWebPageRequest (1.8.2):
    - ASIHTTPRequest/Core
  - ASIHTTPRequest/CloudFiles (1.8.2):
    - ASIHTTPRequest/Core
  - ASIHTTPRequest/Core (1.8.2):
    - Reachability
  - ASIHTTPRequest/S3 (1.8.2):
    - ASIHTTPRequest/Core
  - DJRefresh (1.0.5)
  - DTKDropdownMenu (0.0.4):
    - Masonry (~> 0.6)
  - JSPatchPlatform (1.6.3):
    - JSPatchPlatform/Core (= 1.6.3)
  - JSPatchPlatform/Core (1.6.3)
  - LGPlusButtonsView (1.1.1)
  - Masonry (0.6.4)
  - MBProgressHUD (1.0.0)
  - MJRefresh (3.1.12)
  - Reachability (3.2)
  - SDWebImage (3.8.2):
    - SDWebImage/Core (= 3.8.2)
  - SDWebImage/Core (3.8.2)
  - TZImagePickerController (1.7.1)
  - UMengAnalytics-NO-IDFA (4.1.5)
  - UMengUShare/Core (6.0.3):
    - UMengUShare/Network
  - UMengUShare/Network (6.0.3)
  - UMengUShare/Social/QQ (6.0.3):
    - UMengUShare/Core
  - UMengUShare/UI (6.0.3):
    - UMengUShare/Core
  - YYModel (1.0.4)

DEPENDENCIES:
  - AFNetworking (~> 3.0)
  - ASIHTTPRequest
  - DJRefresh (~> 1.0.5)
  - DTKDropdownMenu (~> 0.0.4)
  - JSPatchPlatform
  - LGPlusButtonsView (~> 1.1.0)
  - MBProgressHUD (~> 1.0.0)
  - MJRefresh
  - SDWebImage (~> 3.8)
  - TZImagePickerController
  - UMengAnalytics-NO-IDFA
  - UMengUShare/Social/QQ
  - UMengUShare/UI
  - YYModel

SPEC CHECKSUMS:
  AFNetworking: 5e0e199f73d8626b11e79750991f5d173d1f8b67
  ASIHTTPRequest: ec013992946676b7978dcbde6396d57312d21db4
  DJRefresh: 32b3776546004faddddc28035442ba15e07c5f1b
  DTKDropdownMenu: 3a3d8afc4f70fab50a5a8131aadc8b383ef54891
  JSPatchPlatform: a1e6f6e7903fd6e26ceddc6a2aeb0c051cc98100
  LGPlusButtonsView: 57878cd3d461d0ee2042f5b7b25d1c017e22a084
  Masonry: 281802d04d787ea2973179ee8bcb50500579ede2
  MBProgressHUD: 4890f671c94e8a0f3cf959aa731e9de2f036d71a
  MJRefresh: b96cdb21c4aa75a7b07654311ab2f315c497e806
  Reachability: 33e18b67625424e47b6cde6d202dce689ad7af96
  SDWebImage: 098e97e6176540799c27e804c96653ee0833d13c
  TZImagePickerController: cbfd57ba947263759b860f74132dd1bc33125afc
  UMengAnalytics-NO-IDFA: f1b08b540eba6ebad044a574cae6d988cf40cfda
  UMengUShare: f231fc086d789d4e560a5090dcc13a2db15c686d
  YYModel: 2a7fdd96aaa4b86a824e26d0c517de8928c04b30

PODFILE CHECKSUM: e8d9eb9a76c895ac45ca77bc8c1e0287b8c8db1d

COCOAPODS: 1.1.1
