// !$*UTF8*$!
{
	archiveVersion = 1;
	classes = {
	};
	objectVersion = 46;
	objects = {

/* Begin PBXBuildFile section */
		3A2D10621DB66063009916D0 /* Foundation.framework in Frameworks */ = {isa = PBXBuildFile; fileRef = 3A2D105F1DB66063009916D0 /* Foundation.framework */; };
		3A2D10631DB66063009916D0 /* CoreGraphics.framework in Frameworks */ = {isa = PBXBuildFile; fileRef = 3A2D10601DB66063009916D0 /* CoreGraphics.framework */; };
		3A2D10641DB66063009916D0 /* UIKit.framework in Frameworks */ = {isa = PBXBuildFile; fileRef = 3A2D10611DB66063009916D0 /* UIKit.framework */; };
		3A2FF4EA1E50179700B07EB6 /* NotificationCenter.framework in Frameworks */ = {isa = PBXBuildFile; fileRef = 3A2FF4E91E50179700B07EB6 /* NotificationCenter.framework */; };
		3A2FF4EE1E50179700B07EB6 /* TodayViewController.m in Sources */ = {isa = PBXBuildFile; fileRef = 3A2FF4ED1E50179700B07EB6 /* TodayViewController.m */; };
		3A2FF4F11E50179700B07EB6 /* MainInterface.storyboard in Resources */ = {isa = PBXBuildFile; fileRef = 3A2FF4EF1E50179700B07EB6 /* MainInterface.storyboard */; };
		3A2FF4F51E50179700B07EB6 /* Extend.appex in Embed App Extensions */ = {isa = PBXBuildFile; fileRef = 3A2FF4E81E50179700B07EB6 /* Extend.appex */; settings = {ATTRIBUTES = (RemoveHeadersOnCopy, ); }; };
		3A2FF4FC1E50202000B07EB6 /* Media.xcassets in Resources */ = {isa = PBXBuildFile; fileRef = 3A2FF4FB1E50202000B07EB6 /* Media.xcassets */; };
		3A2FF4FF1E50210E00B07EB6 /* ExtendModel.m in Sources */ = {isa = PBXBuildFile; fileRef = 3A2FF4FE1E50210E00B07EB6 /* ExtendModel.m */; };
		3A33D7DB1DAE50EF0012EFDE /* libUMessage_Sdk_1.4.0.a in Frameworks */ = {isa = PBXBuildFile; fileRef = 3A33D7D91DAE50EF0012EFDE /* libUMessage_Sdk_1.4.0.a */; };
		3A449C711E16C2E500D89CEA /* header@2x.jpg in Resources */ = {isa = PBXBuildFile; fileRef = 3A449C701E16C2E500D89CEA /* header@2x.jpg */; };
		3A63DF721E49F11600AAAAAA /* NullSafe.m in Sources */ = {isa = PBXBuildFile; fileRef = 3A63DF711E49F11600AAAAAA /* NullSafe.m */; };
		3A6D7EDE1DABD9DA0081B70D /* JSONKit.m in Sources */ = {isa = PBXBuildFile; fileRef = 3A6D7EDD1DABD9DA0081B70D /* JSONKit.m */; settings = {COMPILER_FLAGS = "-fno-objc-arc"; }; };
		3A6D7EE31DABD9F50081B70D /* LeftSlideViewController.m in Sources */ = {isa = PBXBuildFile; fileRef = 3A6D7EE11DABD9F50081B70D /* LeftSlideViewController.m */; };
		3A6D7EE41DABD9F50081B70D /* UIView_extra.m in Sources */ = {isa = PBXBuildFile; fileRef = 3A6D7EE21DABD9F50081B70D /* UIView_extra.m */; };
		3A6FF7C31DB314C7004CFBE8 /* UMMobClick.framework in Frameworks */ = {isa = PBXBuildFile; fileRef = 3A6FF7C21DB314C7004CFBE8 /* UMMobClick.framework */; };
		3A6FF7C51DB3151E004CFBE8 /* CoreTelephony.framework in Frameworks */ = {isa = PBXBuildFile; fileRef = 3A6FF7C41DB3151E004CFBE8 /* CoreTelephony.framework */; };
		3A6FF7C71DB3152C004CFBE8 /* libz.tbd in Frameworks */ = {isa = PBXBuildFile; fileRef = 3A6FF7C61DB3152C004CFBE8 /* libz.tbd */; };
		3A6FF7C91DB31544004CFBE8 /* libsqlite3.0.tbd in Frameworks */ = {isa = PBXBuildFile; fileRef = 3A6FF7C81DB31544004CFBE8 /* libsqlite3.0.tbd */; };
		3A776DEC1E2B615100F600D6 /* FORGesture.m in Sources */ = {isa = PBXBuildFile; fileRef = 3A776DE91E2B615100F600D6 /* FORGesture.m */; };
		3A776DED1E2B615100F600D6 /* FORGestureTrack.m in Sources */ = {isa = PBXBuildFile; fileRef = 3A776DEB1E2B615100F600D6 /* FORGestureTrack.m */; };
		3A776DF11E2B616500F600D6 /* UUInputAccessoryView.m in Sources */ = {isa = PBXBuildFile; fileRef = 3A776DF01E2B616500F600D6 /* UUInputAccessoryView.m */; };
		3A796C1E1E534C1B00794043 /* AboutViewController.m in Sources */ = {isa = PBXBuildFile; fileRef = 3A796BA11E534C1B00794043 /* AboutViewController.m */; };
		3A796C1F1E534C1B00794043 /* ClassViewController.m in Sources */ = {isa = PBXBuildFile; fileRef = 3A796BA41E534C1B00794043 /* ClassViewController.m */; };
		3A796C201E534C1B00794043 /* DayViewController.m in Sources */ = {isa = PBXBuildFile; fileRef = 3A796BA71E534C1B00794043 /* DayViewController.m */; };
		3A796C211E534C1B00794043 /* ExamaddViewController.m in Sources */ = {isa = PBXBuildFile; fileRef = 3A796BAA1E534C1B00794043 /* ExamaddViewController.m */; };
		3A796C221E534C1B00794043 /* ExamCell.m in Sources */ = {isa = PBXBuildFile; fileRef = 3A796BAC1E534C1B00794043 /* ExamCell.m */; };
		3A796C231E534C1B00794043 /* ExamCell.xib in Resources */ = {isa = PBXBuildFile; fileRef = 3A796BAD1E534C1B00794043 /* ExamCell.xib */; };
		3A796C241E534C1B00794043 /* ExamNewViewController.m in Sources */ = {isa = PBXBuildFile; fileRef = 3A796BAF1E534C1B00794043 /* ExamNewViewController.m */; };
		3A796C251E534C1B00794043 /* Feedback2ViewController.m in Sources */ = {isa = PBXBuildFile; fileRef = 3A796BB21E534C1B00794043 /* Feedback2ViewController.m */; };
		3A796C261E534C1B00794043 /* FeedbackViewController.m in Sources */ = {isa = PBXBuildFile; fileRef = 3A796BB41E534C1B00794043 /* FeedbackViewController.m */; };
		3A796C271E534C1B00794043 /* AddhandViewController.m in Sources */ = {isa = PBXBuildFile; fileRef = 3A796BB71E534C1B00794043 /* AddhandViewController.m */; };
		3A796C281E534C1B00794043 /* HandShowViewController.m in Sources */ = {isa = PBXBuildFile; fileRef = 3A796BB91E534C1B00794043 /* HandShowViewController.m */; };
		3A796C291E534C1B00794043 /* HandTableViewCell.m in Sources */ = {isa = PBXBuildFile; fileRef = 3A796BBB1E534C1B00794043 /* HandTableViewCell.m */; };
		3A796C2A1E534C1B00794043 /* HandTableViewCell.xib in Resources */ = {isa = PBXBuildFile; fileRef = 3A796BBC1E534C1B00794043 /* HandTableViewCell.xib */; };
		3A796C2B1E534C1B00794043 /* HandTableViewController.m in Sources */ = {isa = PBXBuildFile; fileRef = 3A796BBE1E534C1B00794043 /* HandTableViewController.m */; };
		3A796C2C1E534C1B00794043 /* HandTableViewController.xib in Resources */ = {isa = PBXBuildFile; fileRef = 3A796BBF1E534C1B00794043 /* HandTableViewController.xib */; };
		3A796C2D1E534C1B00794043 /* HomeWorkViewController.m in Sources */ = {isa = PBXBuildFile; fileRef = 3A796BC21E534C1B00794043 /* HomeWorkViewController.m */; };
		3A796C2E1E534C1B00794043 /* LibraryViewController.m in Sources */ = {isa = PBXBuildFile; fileRef = 3A796BC51E534C1B00794043 /* LibraryViewController.m */; };
		3A796C2F1E534C1B00794043 /* FirstLoginViewController.m in Sources */ = {isa = PBXBuildFile; fileRef = 3A796BC81E534C1B00794043 /* FirstLoginViewController.m */; };
		3A796C301E534C1B00794043 /* Login2ViewController.m in Sources */ = {isa = PBXBuildFile; fileRef = 3A796BCA1E534C1B00794043 /* Login2ViewController.m */; };
		3A796C311E534C1B00794043 /* AddLostViewController.m in Sources */ = {isa = PBXBuildFile; fileRef = 3A796BCD1E534C1B00794043 /* AddLostViewController.m */; };
		3A796C321E534C1B00794043 /* LostShowPhotoTableViewCell.m in Sources */ = {isa = PBXBuildFile; fileRef = 3A796BCF1E534C1B00794043 /* LostShowPhotoTableViewCell.m */; };
		3A796C331E534C1B00794043 /* LostShowPhotoTableViewCell.xib in Resources */ = {isa = PBXBuildFile; fileRef = 3A796BD01E534C1B00794043 /* LostShowPhotoTableViewCell.xib */; };
		3A796C341E534C1B00794043 /* LostShowTableViewCell.m in Sources */ = {isa = PBXBuildFile; fileRef = 3A796BD21E534C1B00794043 /* LostShowTableViewCell.m */; };
		3A796C351E534C1B00794043 /* LostShowTableViewCell.xib in Resources */ = {isa = PBXBuildFile; fileRef = 3A796BD31E534C1B00794043 /* LostShowTableViewCell.xib */; };
		3A796C361E534C1B00794043 /* LostShowTimeTableViewCell.m in Sources */ = {isa = PBXBuildFile; fileRef = 3A796BD51E534C1B00794043 /* LostShowTimeTableViewCell.m */; };
		3A796C371E534C1B00794043 /* LostShowTimeTableViewCell.xib in Resources */ = {isa = PBXBuildFile; fileRef = 3A796BD61E534C1B00794043 /* LostShowTimeTableViewCell.xib */; };
		3A796C381E534C1B00794043 /* LostShowViewController.m in Sources */ = {isa = PBXBuildFile; fileRef = 3A796BD81E534C1B00794043 /* LostShowViewController.m */; };
		3A796C391E534C1B00794043 /* LeftSortsViewController.m in Sources */ = {isa = PBXBuildFile; fileRef = 3A796BDB1E534C1B00794043 /* LeftSortsViewController.m */; };
		3A796C3A1E534C1B00794043 /* MainPageViewController.m in Sources */ = {isa = PBXBuildFile; fileRef = 3A796BDD1E534C1B00794043 /* MainPageViewController.m */; };
		3A796C3B1E534C1B00794043 /* MainViewController.m in Sources */ = {isa = PBXBuildFile; fileRef = 3A796BDF1E534C1B00794043 /* MainViewController.m */; };
		3A796C3C1E534C1B00794043 /* NoticeShowViewController.m in Sources */ = {isa = PBXBuildFile; fileRef = 3A796BE21E534C1B00794043 /* NoticeShowViewController.m */; };
		3A796C3D1E534C1B00794043 /* NoticeTableViewCell.m in Sources */ = {isa = PBXBuildFile; fileRef = 3A796BE41E534C1B00794043 /* NoticeTableViewCell.m */; };
		3A796C3E1E534C1B00794043 /* NoticeTableViewCell.xib in Resources */ = {isa = PBXBuildFile; fileRef = 3A796BE51E534C1B00794043 /* NoticeTableViewCell.xib */; };
		3A796C3F1E534C1B00794043 /* NoticeViewController.m in Sources */ = {isa = PBXBuildFile; fileRef = 3A796BE71E534C1B00794043 /* NoticeViewController.m */; };
		3A796C401E534C1B00794043 /* AppDelegate.m in Sources */ = {isa = PBXBuildFile; fileRef = 3A796BEA1E534C1B00794043 /* AppDelegate.m */; };
		3A796C411E534C1B00794043 /* ViewController.m in Sources */ = {isa = PBXBuildFile; fileRef = 3A796BEC1E534C1B00794043 /* ViewController.m */; };
		3A796C421E534C1B00794043 /* PowerViewController.m in Sources */ = {isa = PBXBuildFile; fileRef = 3A796BEF1E534C1B00794043 /* PowerViewController.m */; };
		3A796C431E534C1B00794043 /* AddSayViewController.m in Sources */ = {isa = PBXBuildFile; fileRef = 3A796BF21E534C1B00794043 /* AddSayViewController.m */; };
		3A796C441E534C1B00794043 /* CommitViewCell.m in Sources */ = {isa = PBXBuildFile; fileRef = 3A796BF41E534C1B00794043 /* CommitViewCell.m */; };
		3A796C451E534C1B00794043 /* CommitViewCell.xib in Resources */ = {isa = PBXBuildFile; fileRef = 3A796BF51E534C1B00794043 /* CommitViewCell.xib */; };
		3A796C461E534C1B00794043 /* PhotoViewCell.m in Sources */ = {isa = PBXBuildFile; fileRef = 3A796BF71E534C1B00794043 /* PhotoViewCell.m */; };
		3A796C471E534C1B00794043 /* PhotoViewCell.xib in Resources */ = {isa = PBXBuildFile; fileRef = 3A796BF81E534C1B00794043 /* PhotoViewCell.xib */; };
		3A796C481E534C1B00794043 /* SayCommitViewCell.m in Sources */ = {isa = PBXBuildFile; fileRef = 3A796BFA1E534C1B00794043 /* SayCommitViewCell.m */; };
		3A796C491E534C1B00794043 /* SayCommitViewCell.xib in Resources */ = {isa = PBXBuildFile; fileRef = 3A796BFB1E534C1B00794043 /* SayCommitViewCell.xib */; };
		3A796C4A1E534C1B00794043 /* SayViewCell.m in Sources */ = {isa = PBXBuildFile; fileRef = 3A796BFD1E534C1B00794043 /* SayViewCell.m */; };
		3A796C4B1E534C1B00794043 /* SayViewCell.xib in Resources */ = {isa = PBXBuildFile; fileRef = 3A796BFE1E534C1B00794043 /* SayViewCell.xib */; };
		3A796C4C1E534C1B00794043 /* SayViewController.m in Sources */ = {isa = PBXBuildFile; fileRef = 3A796C001E534C1B00794043 /* SayViewController.m */; };
		3A796C4D1E534C1B00794043 /* SayViewController.xib in Resources */ = {isa = PBXBuildFile; fileRef = 3A796C011E534C1B00794043 /* SayViewController.xib */; };
		3A796C4E1E534C1B00794043 /* ScoreDataViewController.m in Sources */ = {isa = PBXBuildFile; fileRef = 3A796C041E534C1B00794043 /* ScoreDataViewController.m */; };
		3A796C4F1E534C1B00794043 /* ScoreShowViewController.m in Sources */ = {isa = PBXBuildFile; fileRef = 3A796C061E534C1B00794043 /* ScoreShowViewController.m */; };
		3A796C501E534C1B00794043 /* ScoreTableViewCell.m in Sources */ = {isa = PBXBuildFile; fileRef = 3A796C081E534C1B00794043 /* ScoreTableViewCell.m */; };
		3A796C511E534C1B00794043 /* ScoreTableViewCell.xib in Resources */ = {isa = PBXBuildFile; fileRef = 3A796C091E534C1B00794043 /* ScoreTableViewCell.xib */; };
		3A796C521E534C1B00794043 /* SetViewController.m in Sources */ = {isa = PBXBuildFile; fileRef = 3A796C0C1E534C1B00794043 /* SetViewController.m */; };
		3A796C531E534C1B00794043 /* UsernameViewController.m in Sources */ = {isa = PBXBuildFile; fileRef = 3A796C0F1E534C1B00794043 /* UsernameViewController.m */; };
		3A796C541E534C1B00794043 /* UserViewController.m in Sources */ = {isa = PBXBuildFile; fileRef = 3A796C111E534C1B00794043 /* UserViewController.m */; };
		3A796C551E534C1B00794043 /* Config.m in Sources */ = {isa = PBXBuildFile; fileRef = 3A796C141E534C1B00794043 /* Config.m */; };
		3A796C561E534C1B00794043 /* CourseModel.m in Sources */ = {isa = PBXBuildFile; fileRef = 3A796C161E534C1B00794043 /* CourseModel.m */; };
		3A796C571E534C1B00794043 /* Math.m in Sources */ = {isa = PBXBuildFile; fileRef = 3A796C191E534C1B00794043 /* Math.m */; };
		3A796C581E534C1B00794043 /* Score.m in Sources */ = {isa = PBXBuildFile; fileRef = 3A796C1B1E534C1B00794043 /* Score.m */; };
		3A796C591E534C1B00794043 /* User.m in Sources */ = {isa = PBXBuildFile; fileRef = 3A796C1D1E534C1B00794043 /* User.m */; };
		3A796C651E534CC200794043 /* UINavigationBar+Awesome.m in Sources */ = {isa = PBXBuildFile; fileRef = 3A796C641E534CC200794043 /* UINavigationBar+Awesome.m */; };
		3A796C6B1E534DAE00794043 /* FirstLoginViewController.xib in Resources */ = {isa = PBXBuildFile; fileRef = 3A796C671E534DAE00794043 /* FirstLoginViewController.xib */; };
		3A796C6C1E534DAE00794043 /* Launch Screen.storyboard in Resources */ = {isa = PBXBuildFile; fileRef = 3A796C681E534DAE00794043 /* Launch Screen.storyboard */; };
		3A796C6D1E534DAE00794043 /* Main.storyboard in Resources */ = {isa = PBXBuildFile; fileRef = 3A796C691E534DAE00794043 /* Main.storyboard */; };
		3A796C6E1E534DAE00794043 /* MainViewController.xib in Resources */ = {isa = PBXBuildFile; fileRef = 3A796C6A1E534DAE00794043 /* MainViewController.xib */; };
		3A8567801DA908AA00EBD44A /* main.m in Sources */ = {isa = PBXBuildFile; fileRef = 3A85677F1DA908AA00EBD44A /* main.m */; };
		3A85678B1DA908AA00EBD44A /* Assets.xcassets in Resources */ = {isa = PBXBuildFile; fileRef = 3A85678A1DA908AA00EBD44A /* Assets.xcassets */; };
		3A8BACF71DDDBD5D001C78B8 /* SystemConfiguration.framework in Frameworks */ = {isa = PBXBuildFile; fileRef = 3A8BACF61DDDBD5D001C78B8 /* SystemConfiguration.framework */; };
		3A8BACF91DDDBD71001C78B8 /* libsqlite3.tbd in Frameworks */ = {isa = PBXBuildFile; fileRef = 3A8BACF81DDDBD71001C78B8 /* libsqlite3.tbd */; };
		3A8BACFB1DDDBD81001C78B8 /* libc++.tbd in Frameworks */ = {isa = PBXBuildFile; fileRef = 3A8BACFA1DDDBD81001C78B8 /* libc++.tbd */; };
		3A8BACFD1DDDBDDB001C78B8 /* ImageIO.framework in Frameworks */ = {isa = PBXBuildFile; fileRef = 3A8BACFC1DDDBDDB001C78B8 /* ImageIO.framework */; };
		3A92E64D1E4DEA4200EDB030 /* XWScanImage.m in Sources */ = {isa = PBXBuildFile; fileRef = 3A92E64C1E4DEA4200EDB030 /* XWScanImage.m */; };
		3AA1BC161E16179C00F75A7E /* MBProgressHUD.bundle in Resources */ = {isa = PBXBuildFile; fileRef = 3AA1BC111E16179C00F75A7E /* MBProgressHUD.bundle */; };
		3AA1BC181E16179C00F75A7E /* MBProgressHUD+MJ.m in Sources */ = {isa = PBXBuildFile; fileRef = 3AA1BC151E16179C00F75A7E /* MBProgressHUD+MJ.m */; };
		3AAC242B1DE1CB3C00546B11 /* JSHeaderView.m in Sources */ = {isa = PBXBuildFile; fileRef = 3AAC242A1DE1CB3C00546B11 /* JSHeaderView.m */; };
		3AAC242E1DE1CB8C00546B11 /* UserInfoCell.m in Sources */ = {isa = PBXBuildFile; fileRef = 3AAC242D1DE1CB8C00546B11 /* UserInfoCell.m */; };
		3AC51D7F1E4C8B0000F8D525 /* language.strings in Resources */ = {isa = PBXBuildFile; fileRef = 3AC51D811E4C8B0000F8D525 /* language.strings */; };
		3AD87B101DACD02E00357212 /* GWPCourseListView.m in Sources */ = {isa = PBXBuildFile; fileRef = 3AD87B0F1DACD02E00357212 /* GWPCourseListView.m */; };
		DF4C1EB183B351F157BF18CD /* libPods-HutHelper.a in Frameworks */ = {isa = PBXBuildFile; fileRef = CAE9EAE0009084B77EC3CAD6 /* libPods-HutHelper.a */; };
/* End PBXBuildFile section */

/* Begin PBXContainerItemProxy section */
		3A2FF4F31E50179700B07EB6 /* PBXContainerItemProxy */ = {
			isa = PBXContainerItemProxy;
			containerPortal = 3A8567731DA908AA00EBD44A /* Project object */;
			proxyType = 1;
			remoteGlobalIDString = 3A2FF4E71E50179700B07EB6;
			remoteInfo = Extend;
		};
/* End PBXContainerItemProxy section */

/* Begin PBXCopyFilesBuildPhase section */
		3A7D3CB71DB0A7ED00355E7A /* Embed App Extensions */ = {
			isa = PBXCopyFilesBuildPhase;
			buildActionMask = 2147483647;
			dstPath = "";
			dstSubfolderSpec = 13;
			files = (
				3A2FF4F51E50179700B07EB6 /* Extend.appex in Embed App Extensions */,
			);
			name = "Embed App Extensions";
			runOnlyForDeploymentPostprocessing = 0;
		};
/* End PBXCopyFilesBuildPhase section */

/* Begin PBXFileReference section */
		0BEA75F30B57DEF614969189 /* Pods-HutHelper.debug.xcconfig */ = {isa = PBXFileReference; includeInIndex = 1; lastKnownFileType = text.xcconfig; name = "Pods-HutHelper.debug.xcconfig"; path = "Pods/Target Support Files/Pods-HutHelper/Pods-HutHelper.debug.xcconfig"; sourceTree = "<group>"; };
		3A2D105F1DB66063009916D0 /* Foundation.framework */ = {isa = PBXFileReference; lastKnownFileType = wrapper.framework; name = Foundation.framework; path = System/Library/Frameworks/Foundation.framework; sourceTree = SDKROOT; };
		3A2D10601DB66063009916D0 /* CoreGraphics.framework */ = {isa = PBXFileReference; lastKnownFileType = wrapper.framework; name = CoreGraphics.framework; path = System/Library/Frameworks/CoreGraphics.framework; sourceTree = SDKROOT; };
		3A2D10611DB66063009916D0 /* UIKit.framework */ = {isa = PBXFileReference; lastKnownFileType = wrapper.framework; name = UIKit.framework; path = System/Library/Frameworks/UIKit.framework; sourceTree = SDKROOT; };
		3A2FF4E81E50179700B07EB6 /* Extend.appex */ = {isa = PBXFileReference; explicitFileType = "wrapper.app-extension"; includeInIndex = 0; path = Extend.appex; sourceTree = BUILT_PRODUCTS_DIR; };
		3A2FF4E91E50179700B07EB6 /* NotificationCenter.framework */ = {isa = PBXFileReference; lastKnownFileType = wrapper.framework; name = NotificationCenter.framework; path = System/Library/Frameworks/NotificationCenter.framework; sourceTree = SDKROOT; };
		3A2FF4EC1E50179700B07EB6 /* TodayViewController.h */ = {isa = PBXFileReference; lastKnownFileType = sourcecode.c.h; path = TodayViewController.h; sourceTree = "<group>"; };
		3A2FF4ED1E50179700B07EB6 /* TodayViewController.m */ = {isa = PBXFileReference; lastKnownFileType = sourcecode.c.objc; path = TodayViewController.m; sourceTree = "<group>"; };
		3A2FF4F01E50179700B07EB6 /* Base */ = {isa = PBXFileReference; lastKnownFileType = file.storyboard; name = Base; path = Base.lproj/MainInterface.storyboard; sourceTree = "<group>"; };
		3A2FF4F21E50179700B07EB6 /* Info.plist */ = {isa = PBXFileReference; lastKnownFileType = text.plist.xml; path = Info.plist; sourceTree = "<group>"; };
		3A2FF4FB1E50202000B07EB6 /* Media.xcassets */ = {isa = PBXFileReference; lastKnownFileType = folder.assetcatalog; path = Media.xcassets; sourceTree = "<group>"; };
		3A2FF4FD1E50210E00B07EB6 /* ExtendModel.h */ = {isa = PBXFileReference; fileEncoding = 4; lastKnownFileType = sourcecode.c.h; path = ExtendModel.h; sourceTree = "<group>"; };
		3A2FF4FE1E50210E00B07EB6 /* ExtendModel.m */ = {isa = PBXFileReference; fileEncoding = 4; lastKnownFileType = sourcecode.c.objc; path = ExtendModel.m; sourceTree = "<group>"; };
		3A2FF5001E50742E00B07EB6 /* Extend.entitlements */ = {isa = PBXFileReference; lastKnownFileType = text.plist.entitlements; path = Extend.entitlements; sourceTree = "<group>"; };
		3A33D7D71DAE4F8D0012EFDE /* HutHelper.entitlements */ = {isa = PBXFileReference; lastKnownFileType = text.plist.entitlements; path = HutHelper.entitlements; sourceTree = "<group>"; };
		3A33D7D91DAE50EF0012EFDE /* libUMessage_Sdk_1.4.0.a */ = {isa = PBXFileReference; lastKnownFileType = archive.ar; path = libUMessage_Sdk_1.4.0.a; sourceTree = "<group>"; };
		3A33D7DA1DAE50EF0012EFDE /* UMessage.h */ = {isa = PBXFileReference; fileEncoding = 4; lastKnownFileType = sourcecode.c.h; path = UMessage.h; sourceTree = "<group>"; };
		3A449C701E16C2E500D89CEA /* header@2x.jpg */ = {isa = PBXFileReference; lastKnownFileType = image.jpeg; path = "header@2x.jpg"; sourceTree = "<group>"; };
		3A63DF711E49F11600AAAAAA /* NullSafe.m */ = {isa = PBXFileReference; fileEncoding = 4; lastKnownFileType = sourcecode.c.objc; name = NullSafe.m; path = Lib/NullSafe/NullSafe.m; sourceTree = "<group>"; };
		3A6D7EDC1DABD9DA0081B70D /* JSONKit.h */ = {isa = PBXFileReference; fileEncoding = 4; lastKnownFileType = sourcecode.c.h; name = JSONKit.h; path = Lib/JSONKit.h; sourceTree = "<group>"; };
		3A6D7EDD1DABD9DA0081B70D /* JSONKit.m */ = {isa = PBXFileReference; fileEncoding = 4; lastKnownFileType = sourcecode.c.objc; name = JSONKit.m; path = Lib/JSONKit.m; sourceTree = "<group>"; };
		3A6D7EDF1DABD9F50081B70D /* LeftSlideViewController.h */ = {isa = PBXFileReference; fileEncoding = 4; lastKnownFileType = sourcecode.c.h; name = LeftSlideViewController.h; path = Lib/LeftSlideViewController/LeftSlideViewController.h; sourceTree = "<group>"; };
		3A6D7EE01DABD9F50081B70D /* UIView_extra.h */ = {isa = PBXFileReference; fileEncoding = 4; lastKnownFileType = sourcecode.c.h; name = UIView_extra.h; path = Lib/LeftSlideViewController/UIView_extra.h; sourceTree = "<group>"; };
		3A6D7EE11DABD9F50081B70D /* LeftSlideViewController.m */ = {isa = PBXFileReference; fileEncoding = 4; lastKnownFileType = sourcecode.c.objc; name = LeftSlideViewController.m; path = Lib/LeftSlideViewController/LeftSlideViewController.m; sourceTree = "<group>"; };
		3A6D7EE21DABD9F50081B70D /* UIView_extra.m */ = {isa = PBXFileReference; fileEncoding = 4; lastKnownFileType = sourcecode.c.objc; name = UIView_extra.m; path = Lib/LeftSlideViewController/UIView_extra.m; sourceTree = "<group>"; };
		3A6FF7C21DB314C7004CFBE8 /* UMMobClick.framework */ = {isa = PBXFileReference; lastKnownFileType = wrapper.framework; name = UMMobClick.framework; path = HutHelper/Lib/UMMobClick.framework; sourceTree = "<group>"; };
		3A6FF7C41DB3151E004CFBE8 /* CoreTelephony.framework */ = {isa = PBXFileReference; lastKnownFileType = wrapper.framework; name = CoreTelephony.framework; path = System/Library/Frameworks/CoreTelephony.framework; sourceTree = SDKROOT; };
		3A6FF7C61DB3152C004CFBE8 /* libz.tbd */ = {isa = PBXFileReference; lastKnownFileType = "sourcecode.text-based-dylib-definition"; name = libz.tbd; path = usr/lib/libz.tbd; sourceTree = SDKROOT; };
		3A6FF7C81DB31544004CFBE8 /* libsqlite3.0.tbd */ = {isa = PBXFileReference; lastKnownFileType = "sourcecode.text-based-dylib-definition"; name = libsqlite3.0.tbd; path = usr/lib/libsqlite3.0.tbd; sourceTree = SDKROOT; };
		3A776DE81E2B615100F600D6 /* FORGesture.h */ = {isa = PBXFileReference; fileEncoding = 4; lastKnownFileType = sourcecode.c.h; name = FORGesture.h; path = Lib/Commit/FORGestureTrack/FORGesture.h; sourceTree = "<group>"; };
		3A776DE91E2B615100F600D6 /* FORGesture.m */ = {isa = PBXFileReference; fileEncoding = 4; lastKnownFileType = sourcecode.c.objc; name = FORGesture.m; path = Lib/Commit/FORGestureTrack/FORGesture.m; sourceTree = "<group>"; };
		3A776DEA1E2B615100F600D6 /* FORGestureTrack.h */ = {isa = PBXFileReference; fileEncoding = 4; lastKnownFileType = sourcecode.c.h; name = FORGestureTrack.h; path = Lib/Commit/FORGestureTrack/FORGestureTrack.h; sourceTree = "<group>"; };
		3A776DEB1E2B615100F600D6 /* FORGestureTrack.m */ = {isa = PBXFileReference; fileEncoding = 4; lastKnownFileType = sourcecode.c.objc; name = FORGestureTrack.m; path = Lib/Commit/FORGestureTrack/FORGestureTrack.m; sourceTree = "<group>"; };
		3A776DEF1E2B616500F600D6 /* UUInputAccessoryView.h */ = {isa = PBXFileReference; fileEncoding = 4; lastKnownFileType = sourcecode.c.h; name = UUInputAccessoryView.h; path = Lib/Commit/UUInputAccessoryView/UUInputAccessoryView.h; sourceTree = "<group>"; };
		3A776DF01E2B616500F600D6 /* UUInputAccessoryView.m */ = {isa = PBXFileReference; fileEncoding = 4; lastKnownFileType = sourcecode.c.objc; name = UUInputAccessoryView.m; path = Lib/Commit/UUInputAccessoryView/UUInputAccessoryView.m; sourceTree = "<group>"; };
		3A796BA01E534C1B00794043 /* AboutViewController.h */ = {isa = PBXFileReference; fileEncoding = 4; lastKnownFileType = sourcecode.c.h; path = AboutViewController.h; sourceTree = "<group>"; };
		3A796BA11E534C1B00794043 /* AboutViewController.m */ = {isa = PBXFileReference; fileEncoding = 4; lastKnownFileType = sourcecode.c.objc; path = AboutViewController.m; sourceTree = "<group>"; };
		3A796BA31E534C1B00794043 /* ClassViewController.h */ = {isa = PBXFileReference; fileEncoding = 4; lastKnownFileType = sourcecode.c.h; path = ClassViewController.h; sourceTree = "<group>"; };
		3A796BA41E534C1B00794043 /* ClassViewController.m */ = {isa = PBXFileReference; fileEncoding = 4; lastKnownFileType = sourcecode.c.objc; path = ClassViewController.m; sourceTree = "<group>"; };
		3A796BA61E534C1B00794043 /* DayViewController.h */ = {isa = PBXFileReference; fileEncoding = 4; lastKnownFileType = sourcecode.c.h; path = DayViewController.h; sourceTree = "<group>"; };
		3A796BA71E534C1B00794043 /* DayViewController.m */ = {isa = PBXFileReference; fileEncoding = 4; lastKnownFileType = sourcecode.c.objc; path = DayViewController.m; sourceTree = "<group>"; };
		3A796BA91E534C1B00794043 /* ExamaddViewController.h */ = {isa = PBXFileReference; fileEncoding = 4; lastKnownFileType = sourcecode.c.h; path = ExamaddViewController.h; sourceTree = "<group>"; };
		3A796BAA1E534C1B00794043 /* ExamaddViewController.m */ = {isa = PBXFileReference; fileEncoding = 4; lastKnownFileType = sourcecode.c.objc; path = ExamaddViewController.m; sourceTree = "<group>"; };
		3A796BAB1E534C1B00794043 /* ExamCell.h */ = {isa = PBXFileReference; fileEncoding = 4; lastKnownFileType = sourcecode.c.h; path = ExamCell.h; sourceTree = "<group>"; };
		3A796BAC1E534C1B00794043 /* ExamCell.m */ = {isa = PBXFileReference; fileEncoding = 4; lastKnownFileType = sourcecode.c.objc; path = ExamCell.m; sourceTree = "<group>"; };
		3A796BAD1E534C1B00794043 /* ExamCell.xib */ = {isa = PBXFileReference; fileEncoding = 4; lastKnownFileType = file.xib; path = ExamCell.xib; sourceTree = "<group>"; };
		3A796BAE1E534C1B00794043 /* ExamNewViewController.h */ = {isa = PBXFileReference; fileEncoding = 4; lastKnownFileType = sourcecode.c.h; path = ExamNewViewController.h; sourceTree = "<group>"; };
		3A796BAF1E534C1B00794043 /* ExamNewViewController.m */ = {isa = PBXFileReference; fileEncoding = 4; lastKnownFileType = sourcecode.c.objc; path = ExamNewViewController.m; sourceTree = "<group>"; };
		3A796BB11E534C1B00794043 /* Feedback2ViewController.h */ = {isa = PBXFileReference; fileEncoding = 4; lastKnownFileType = sourcecode.c.h; path = Feedback2ViewController.h; sourceTree = "<group>"; };
		3A796BB21E534C1B00794043 /* Feedback2ViewController.m */ = {isa = PBXFileReference; fileEncoding = 4; lastKnownFileType = sourcecode.c.objc; path = Feedback2ViewController.m; sourceTree = "<group>"; };
		3A796BB31E534C1B00794043 /* FeedbackViewController.h */ = {isa = PBXFileReference; fileEncoding = 4; lastKnownFileType = sourcecode.c.h; path = FeedbackViewController.h; sourceTree = "<group>"; };
		3A796BB41E534C1B00794043 /* FeedbackViewController.m */ = {isa = PBXFileReference; fileEncoding = 4; lastKnownFileType = sourcecode.c.objc; path = FeedbackViewController.m; sourceTree = "<group>"; };
		3A796BB61E534C1B00794043 /* AddhandViewController.h */ = {isa = PBXFileReference; fileEncoding = 4; lastKnownFileType = sourcecode.c.h; path = AddhandViewController.h; sourceTree = "<group>"; };
		3A796BB71E534C1B00794043 /* AddhandViewController.m */ = {isa = PBXFileReference; fileEncoding = 4; lastKnownFileType = sourcecode.c.objc; path = AddhandViewController.m; sourceTree = "<group>"; };
		3A796BB81E534C1B00794043 /* HandShowViewController.h */ = {isa = PBXFileReference; fileEncoding = 4; lastKnownFileType = sourcecode.c.h; path = HandShowViewController.h; sourceTree = "<group>"; };
		3A796BB91E534C1B00794043 /* HandShowViewController.m */ = {isa = PBXFileReference; fileEncoding = 4; lastKnownFileType = sourcecode.c.objc; path = HandShowViewController.m; sourceTree = "<group>"; };
		3A796BBA1E534C1B00794043 /* HandTableViewCell.h */ = {isa = PBXFileReference; fileEncoding = 4; lastKnownFileType = sourcecode.c.h; path = HandTableViewCell.h; sourceTree = "<group>"; };
		3A796BBB1E534C1B00794043 /* HandTableViewCell.m */ = {isa = PBXFileReference; fileEncoding = 4; lastKnownFileType = sourcecode.c.objc; path = HandTableViewCell.m; sourceTree = "<group>"; };
		3A796BBC1E534C1B00794043 /* HandTableViewCell.xib */ = {isa = PBXFileReference; fileEncoding = 4; lastKnownFileType = file.xib; path = HandTableViewCell.xib; sourceTree = "<group>"; };
		3A796BBD1E534C1B00794043 /* HandTableViewController.h */ = {isa = PBXFileReference; fileEncoding = 4; lastKnownFileType = sourcecode.c.h; path = HandTableViewController.h; sourceTree = "<group>"; };
		3A796BBE1E534C1B00794043 /* HandTableViewController.m */ = {isa = PBXFileReference; fileEncoding = 4; lastKnownFileType = sourcecode.c.objc; path = HandTableViewController.m; sourceTree = "<group>"; };
		3A796BBF1E534C1B00794043 /* HandTableViewController.xib */ = {isa = PBXFileReference; fileEncoding = 4; lastKnownFileType = file.xib; path = HandTableViewController.xib; sourceTree = "<group>"; };
		3A796BC11E534C1B00794043 /* HomeWorkViewController.h */ = {isa = PBXFileReference; fileEncoding = 4; lastKnownFileType = sourcecode.c.h; path = HomeWorkViewController.h; sourceTree = "<group>"; };
		3A796BC21E534C1B00794043 /* HomeWorkViewController.m */ = {isa = PBXFileReference; fileEncoding = 4; lastKnownFileType = sourcecode.c.objc; path = HomeWorkViewController.m; sourceTree = "<group>"; };
		3A796BC41E534C1B00794043 /* LibraryViewController.h */ = {isa = PBXFileReference; fileEncoding = 4; lastKnownFileType = sourcecode.c.h; path = LibraryViewController.h; sourceTree = "<group>"; };
		3A796BC51E534C1B00794043 /* LibraryViewController.m */ = {isa = PBXFileReference; fileEncoding = 4; lastKnownFileType = sourcecode.c.objc; path = LibraryViewController.m; sourceTree = "<group>"; };
		3A796BC71E534C1B00794043 /* FirstLoginViewController.h */ = {isa = PBXFileReference; fileEncoding = 4; lastKnownFileType = sourcecode.c.h; path = FirstLoginViewController.h; sourceTree = "<group>"; };
		3A796BC81E534C1B00794043 /* FirstLoginViewController.m */ = {isa = PBXFileReference; fileEncoding = 4; lastKnownFileType = sourcecode.c.objc; path = FirstLoginViewController.m; sourceTree = "<group>"; };
		3A796BC91E534C1B00794043 /* Login2ViewController.h */ = {isa = PBXFileReference; fileEncoding = 4; lastKnownFileType = sourcecode.c.h; path = Login2ViewController.h; sourceTree = "<group>"; };
		3A796BCA1E534C1B00794043 /* Login2ViewController.m */ = {isa = PBXFileReference; fileEncoding = 4; lastKnownFileType = sourcecode.c.objc; path = Login2ViewController.m; sourceTree = "<group>"; };
		3A796BCC1E534C1B00794043 /* AddLostViewController.h */ = {isa = PBXFileReference; fileEncoding = 4; lastKnownFileType = sourcecode.c.h; path = AddLostViewController.h; sourceTree = "<group>"; };
		3A796BCD1E534C1B00794043 /* AddLostViewController.m */ = {isa = PBXFileReference; fileEncoding = 4; lastKnownFileType = sourcecode.c.objc; path = AddLostViewController.m; sourceTree = "<group>"; };
		3A796BCE1E534C1B00794043 /* LostShowPhotoTableViewCell.h */ = {isa = PBXFileReference; fileEncoding = 4; lastKnownFileType = sourcecode.c.h; path = LostShowPhotoTableViewCell.h; sourceTree = "<group>"; };
		3A796BCF1E534C1B00794043 /* LostShowPhotoTableViewCell.m */ = {isa = PBXFileReference; fileEncoding = 4; lastKnownFileType = sourcecode.c.objc; path = LostShowPhotoTableViewCell.m; sourceTree = "<group>"; };
		3A796BD01E534C1B00794043 /* LostShowPhotoTableViewCell.xib */ = {isa = PBXFileReference; fileEncoding = 4; lastKnownFileType = file.xib; path = LostShowPhotoTableViewCell.xib; sourceTree = "<group>"; };
		3A796BD11E534C1B00794043 /* LostShowTableViewCell.h */ = {isa = PBXFileReference; fileEncoding = 4; lastKnownFileType = sourcecode.c.h; path = LostShowTableViewCell.h; sourceTree = "<group>"; };
		3A796BD21E534C1B00794043 /* LostShowTableViewCell.m */ = {isa = PBXFileReference; fileEncoding = 4; lastKnownFileType = sourcecode.c.objc; path = LostShowTableViewCell.m; sourceTree = "<group>"; };
		3A796BD31E534C1B00794043 /* LostShowTableViewCell.xib */ = {isa = PBXFileReference; fileEncoding = 4; lastKnownFileType = file.xib; path = LostShowTableViewCell.xib; sourceTree = "<group>"; };
		3A796BD41E534C1B00794043 /* LostShowTimeTableViewCell.h */ = {isa = PBXFileReference; fileEncoding = 4; lastKnownFileType = sourcecode.c.h; path = LostShowTimeTableViewCell.h; sourceTree = "<group>"; };
		3A796BD51E534C1B00794043 /* LostShowTimeTableViewCell.m */ = {isa = PBXFileReference; fileEncoding = 4; lastKnownFileType = sourcecode.c.objc; path = LostShowTimeTableViewCell.m; sourceTree = "<group>"; };
		3A796BD61E534C1B00794043 /* LostShowTimeTableViewCell.xib */ = {isa = PBXFileReference; fileEncoding = 4; lastKnownFileType = file.xib; path = LostShowTimeTableViewCell.xib; sourceTree = "<group>"; };
		3A796BD71E534C1B00794043 /* LostShowViewController.h */ = {isa = PBXFileReference; fileEncoding = 4; lastKnownFileType = sourcecode.c.h; path = LostShowViewController.h; sourceTree = "<group>"; };
		3A796BD81E534C1B00794043 /* LostShowViewController.m */ = {isa = PBXFileReference; fileEncoding = 4; lastKnownFileType = sourcecode.c.objc; path = LostShowViewController.m; sourceTree = "<group>"; };
		3A796BDA1E534C1B00794043 /* LeftSortsViewController.h */ = {isa = PBXFileReference; fileEncoding = 4; lastKnownFileType = sourcecode.c.h; path = LeftSortsViewController.h; sourceTree = "<group>"; };
		3A796BDB1E534C1B00794043 /* LeftSortsViewController.m */ = {isa = PBXFileReference; fileEncoding = 4; lastKnownFileType = sourcecode.c.objc; path = LeftSortsViewController.m; sourceTree = "<group>"; };
		3A796BDC1E534C1B00794043 /* MainPageViewController.h */ = {isa = PBXFileReference; fileEncoding = 4; lastKnownFileType = sourcecode.c.h; path = MainPageViewController.h; sourceTree = "<group>"; };
		3A796BDD1E534C1B00794043 /* MainPageViewController.m */ = {isa = PBXFileReference; fileEncoding = 4; lastKnownFileType = sourcecode.c.objc; path = MainPageViewController.m; sourceTree = "<group>"; };
		3A796BDE1E534C1B00794043 /* MainViewController.h */ = {isa = PBXFileReference; fileEncoding = 4; lastKnownFileType = sourcecode.c.h; path = MainViewController.h; sourceTree = "<group>"; };
		3A796BDF1E534C1B00794043 /* MainViewController.m */ = {isa = PBXFileReference; fileEncoding = 4; lastKnownFileType = sourcecode.c.objc; path = MainViewController.m; sourceTree = "<group>"; };
		3A796BE11E534C1B00794043 /* NoticeShowViewController.h */ = {isa = PBXFileReference; fileEncoding = 4; lastKnownFileType = sourcecode.c.h; path = NoticeShowViewController.h; sourceTree = "<group>"; };
		3A796BE21E534C1B00794043 /* NoticeShowViewController.m */ = {isa = PBXFileReference; fileEncoding = 4; lastKnownFileType = sourcecode.c.objc; path = NoticeShowViewController.m; sourceTree = "<group>"; };
		3A796BE31E534C1B00794043 /* NoticeTableViewCell.h */ = {isa = PBXFileReference; fileEncoding = 4; lastKnownFileType = sourcecode.c.h; path = NoticeTableViewCell.h; sourceTree = "<group>"; };
		3A796BE41E534C1B00794043 /* NoticeTableViewCell.m */ = {isa = PBXFileReference; fileEncoding = 4; lastKnownFileType = sourcecode.c.objc; path = NoticeTableViewCell.m; sourceTree = "<group>"; };
		3A796BE51E534C1B00794043 /* NoticeTableViewCell.xib */ = {isa = PBXFileReference; fileEncoding = 4; lastKnownFileType = file.xib; path = NoticeTableViewCell.xib; sourceTree = "<group>"; };
		3A796BE61E534C1B00794043 /* NoticeViewController.h */ = {isa = PBXFileReference; fileEncoding = 4; lastKnownFileType = sourcecode.c.h; path = NoticeViewController.h; sourceTree = "<group>"; };
		3A796BE71E534C1B00794043 /* NoticeViewController.m */ = {isa = PBXFileReference; fileEncoding = 4; lastKnownFileType = sourcecode.c.objc; path = NoticeViewController.m; sourceTree = "<group>"; };
		3A796BE91E534C1B00794043 /* AppDelegate.h */ = {isa = PBXFileReference; fileEncoding = 4; lastKnownFileType = sourcecode.c.h; path = AppDelegate.h; sourceTree = "<group>"; };
		3A796BEA1E534C1B00794043 /* AppDelegate.m */ = {isa = PBXFileReference; fileEncoding = 4; lastKnownFileType = sourcecode.c.objc; path = AppDelegate.m; sourceTree = "<group>"; };
		3A796BEB1E534C1B00794043 /* ViewController.h */ = {isa = PBXFileReference; fileEncoding = 4; lastKnownFileType = sourcecode.c.h; path = ViewController.h; sourceTree = "<group>"; };
		3A796BEC1E534C1B00794043 /* ViewController.m */ = {isa = PBXFileReference; fileEncoding = 4; lastKnownFileType = sourcecode.c.objc; path = ViewController.m; sourceTree = "<group>"; };
		3A796BEE1E534C1B00794043 /* PowerViewController.h */ = {isa = PBXFileReference; fileEncoding = 4; lastKnownFileType = sourcecode.c.h; path = PowerViewController.h; sourceTree = "<group>"; };
		3A796BEF1E534C1B00794043 /* PowerViewController.m */ = {isa = PBXFileReference; fileEncoding = 4; lastKnownFileType = sourcecode.c.objc; path = PowerViewController.m; sourceTree = "<group>"; };
		3A796BF11E534C1B00794043 /* AddSayViewController.h */ = {isa = PBXFileReference; fileEncoding = 4; lastKnownFileType = sourcecode.c.h; path = AddSayViewController.h; sourceTree = "<group>"; };
		3A796BF21E534C1B00794043 /* AddSayViewController.m */ = {isa = PBXFileReference; fileEncoding = 4; lastKnownFileType = sourcecode.c.objc; path = AddSayViewController.m; sourceTree = "<group>"; };
		3A796BF31E534C1B00794043 /* CommitViewCell.h */ = {isa = PBXFileReference; fileEncoding = 4; lastKnownFileType = sourcecode.c.h; path = CommitViewCell.h; sourceTree = "<group>"; };
		3A796BF41E534C1B00794043 /* CommitViewCell.m */ = {isa = PBXFileReference; fileEncoding = 4; lastKnownFileType = sourcecode.c.objc; path = CommitViewCell.m; sourceTree = "<group>"; };
		3A796BF51E534C1B00794043 /* CommitViewCell.xib */ = {isa = PBXFileReference; fileEncoding = 4; lastKnownFileType = file.xib; path = CommitViewCell.xib; sourceTree = "<group>"; };
		3A796BF61E534C1B00794043 /* PhotoViewCell.h */ = {isa = PBXFileReference; fileEncoding = 4; lastKnownFileType = sourcecode.c.h; path = PhotoViewCell.h; sourceTree = "<group>"; };
		3A796BF71E534C1B00794043 /* PhotoViewCell.m */ = {isa = PBXFileReference; fileEncoding = 4; lastKnownFileType = sourcecode.c.objc; path = PhotoViewCell.m; sourceTree = "<group>"; };
		3A796BF81E534C1B00794043 /* PhotoViewCell.xib */ = {isa = PBXFileReference; fileEncoding = 4; lastKnownFileType = file.xib; path = PhotoViewCell.xib; sourceTree = "<group>"; };
		3A796BF91E534C1B00794043 /* SayCommitViewCell.h */ = {isa = PBXFileReference; fileEncoding = 4; lastKnownFileType = sourcecode.c.h; path = SayCommitViewCell.h; sourceTree = "<group>"; };
		3A796BFA1E534C1B00794043 /* SayCommitViewCell.m */ = {isa = PBXFileReference; fileEncoding = 4; lastKnownFileType = sourcecode.c.objc; path = SayCommitViewCell.m; sourceTree = "<group>"; };
		3A796BFB1E534C1B00794043 /* SayCommitViewCell.xib */ = {isa = PBXFileReference; fileEncoding = 4; lastKnownFileType = file.xib; path = SayCommitViewCell.xib; sourceTree = "<group>"; };
		3A796BFC1E534C1B00794043 /* SayViewCell.h */ = {isa = PBXFileReference; fileEncoding = 4; lastKnownFileType = sourcecode.c.h; path = SayViewCell.h; sourceTree = "<group>"; };
		3A796BFD1E534C1B00794043 /* SayViewCell.m */ = {isa = PBXFileReference; fileEncoding = 4; lastKnownFileType = sourcecode.c.objc; path = SayViewCell.m; sourceTree = "<group>"; };
		3A796BFE1E534C1B00794043 /* SayViewCell.xib */ = {isa = PBXFileReference; fileEncoding = 4; lastKnownFileType = file.xib; path = SayViewCell.xib; sourceTree = "<group>"; };
		3A796BFF1E534C1B00794043 /* SayViewController.h */ = {isa = PBXFileReference; fileEncoding = 4; lastKnownFileType = sourcecode.c.h; path = SayViewController.h; sourceTree = "<group>"; };
		3A796C001E534C1B00794043 /* SayViewController.m */ = {isa = PBXFileReference; fileEncoding = 4; lastKnownFileType = sourcecode.c.objc; path = SayViewController.m; sourceTree = "<group>"; };
		3A796C011E534C1B00794043 /* SayViewController.xib */ = {isa = PBXFileReference; fileEncoding = 4; lastKnownFileType = file.xib; path = SayViewController.xib; sourceTree = "<group>"; };
		3A796C031E534C1B00794043 /* ScoreDataViewController.h */ = {isa = PBXFileReference; fileEncoding = 4; lastKnownFileType = sourcecode.c.h; path = ScoreDataViewController.h; sourceTree = "<group>"; };
		3A796C041E534C1B00794043 /* ScoreDataViewController.m */ = {isa = PBXFileReference; fileEncoding = 4; lastKnownFileType = sourcecode.c.objc; path = ScoreDataViewController.m; sourceTree = "<group>"; };
		3A796C051E534C1B00794043 /* ScoreShowViewController.h */ = {isa = PBXFileReference; fileEncoding = 4; lastKnownFileType = sourcecode.c.h; path = ScoreShowViewController.h; sourceTree = "<group>"; };
		3A796C061E534C1B00794043 /* ScoreShowViewController.m */ = {isa = PBXFileReference; fileEncoding = 4; lastKnownFileType = sourcecode.c.objc; path = ScoreShowViewController.m; sourceTree = "<group>"; };
		3A796C071E534C1B00794043 /* ScoreTableViewCell.h */ = {isa = PBXFileReference; fileEncoding = 4; lastKnownFileType = sourcecode.c.h; path = ScoreTableViewCell.h; sourceTree = "<group>"; };
		3A796C081E534C1B00794043 /* ScoreTableViewCell.m */ = {isa = PBXFileReference; fileEncoding = 4; lastKnownFileType = sourcecode.c.objc; path = ScoreTableViewCell.m; sourceTree = "<group>"; };
		3A796C091E534C1B00794043 /* ScoreTableViewCell.xib */ = {isa = PBXFileReference; fileEncoding = 4; lastKnownFileType = file.xib; path = ScoreTableViewCell.xib; sourceTree = "<group>"; };
		3A796C0B1E534C1B00794043 /* SetViewController.h */ = {isa = PBXFileReference; fileEncoding = 4; lastKnownFileType = sourcecode.c.h; path = SetViewController.h; sourceTree = "<group>"; };
		3A796C0C1E534C1B00794043 /* SetViewController.m */ = {isa = PBXFileReference; fileEncoding = 4; lastKnownFileType = sourcecode.c.objc; path = SetViewController.m; sourceTree = "<group>"; };
		3A796C0E1E534C1B00794043 /* UsernameViewController.h */ = {isa = PBXFileReference; fileEncoding = 4; lastKnownFileType = sourcecode.c.h; path = UsernameViewController.h; sourceTree = "<group>"; };
		3A796C0F1E534C1B00794043 /* UsernameViewController.m */ = {isa = PBXFileReference; fileEncoding = 4; lastKnownFileType = sourcecode.c.objc; path = UsernameViewController.m; sourceTree = "<group>"; };
		3A796C101E534C1B00794043 /* UserViewController.h */ = {isa = PBXFileReference; fileEncoding = 4; lastKnownFileType = sourcecode.c.h; path = UserViewController.h; sourceTree = "<group>"; };
		3A796C111E534C1B00794043 /* UserViewController.m */ = {isa = PBXFileReference; fileEncoding = 4; lastKnownFileType = sourcecode.c.objc; path = UserViewController.m; sourceTree = "<group>"; };
		3A796C131E534C1B00794043 /* Config.h */ = {isa = PBXFileReference; fileEncoding = 4; lastKnownFileType = sourcecode.c.h; path = Config.h; sourceTree = "<group>"; };
		3A796C141E534C1B00794043 /* Config.m */ = {isa = PBXFileReference; fileEncoding = 4; lastKnownFileType = sourcecode.c.objc; path = Config.m; sourceTree = "<group>"; };
		3A796C151E534C1B00794043 /* CourseModel.h */ = {isa = PBXFileReference; fileEncoding = 4; lastKnownFileType = sourcecode.c.h; path = CourseModel.h; sourceTree = "<group>"; };
		3A796C161E534C1B00794043 /* CourseModel.m */ = {isa = PBXFileReference; fileEncoding = 4; lastKnownFileType = sourcecode.c.objc; path = CourseModel.m; sourceTree = "<group>"; };
		3A796C171E534C1B00794043 /* HUTAPI.h */ = {isa = PBXFileReference; fileEncoding = 4; lastKnownFileType = sourcecode.c.h; path = HUTAPI.h; sourceTree = "<group>"; };
		3A796C181E534C1B00794043 /* Math.h */ = {isa = PBXFileReference; fileEncoding = 4; lastKnownFileType = sourcecode.c.h; path = Math.h; sourceTree = "<group>"; };
		3A796C191E534C1B00794043 /* Math.m */ = {isa = PBXFileReference; fileEncoding = 4; lastKnownFileType = sourcecode.c.objc; path = Math.m; sourceTree = "<group>"; };
		3A796C1A1E534C1B00794043 /* Score.h */ = {isa = PBXFileReference; fileEncoding = 4; lastKnownFileType = sourcecode.c.h; path = Score.h; sourceTree = "<group>"; };
		3A796C1B1E534C1B00794043 /* Score.m */ = {isa = PBXFileReference; fileEncoding = 4; lastKnownFileType = sourcecode.c.objc; path = Score.m; sourceTree = "<group>"; };
		3A796C1C1E534C1B00794043 /* User.h */ = {isa = PBXFileReference; fileEncoding = 4; lastKnownFileType = sourcecode.c.h; path = User.h; sourceTree = "<group>"; };
		3A796C1D1E534C1B00794043 /* User.m */ = {isa = PBXFileReference; fileEncoding = 4; lastKnownFileType = sourcecode.c.objc; path = User.m; sourceTree = "<group>"; };
		3A796C631E534CC200794043 /* UINavigationBar+Awesome.h */ = {isa = PBXFileReference; fileEncoding = 4; lastKnownFileType = sourcecode.c.h; name = "UINavigationBar+Awesome.h"; path = "Lib/LTNavigationBar/UINavigationBar+Awesome.h"; sourceTree = "<group>"; };
		3A796C641E534CC200794043 /* UINavigationBar+Awesome.m */ = {isa = PBXFileReference; fileEncoding = 4; lastKnownFileType = sourcecode.c.objc; name = "UINavigationBar+Awesome.m"; path = "Lib/LTNavigationBar/UINavigationBar+Awesome.m"; sourceTree = "<group>"; };
		3A796C671E534DAE00794043 /* FirstLoginViewController.xib */ = {isa = PBXFileReference; fileEncoding = 4; lastKnownFileType = file.xib; path = FirstLoginViewController.xib; sourceTree = "<group>"; };
		3A796C681E534DAE00794043 /* Launch Screen.storyboard */ = {isa = PBXFileReference; fileEncoding = 4; lastKnownFileType = file.storyboard; path = "Launch Screen.storyboard"; sourceTree = "<group>"; };
		3A796C691E534DAE00794043 /* Main.storyboard */ = {isa = PBXFileReference; fileEncoding = 4; lastKnownFileType = file.storyboard; path = Main.storyboard; sourceTree = "<group>"; };
		3A796C6A1E534DAE00794043 /* MainViewController.xib */ = {isa = PBXFileReference; fileEncoding = 4; lastKnownFileType = file.xib; path = MainViewController.xib; sourceTree = "<group>"; };
		3A7D3CA91DB0A6CB00355E7A /* UserNotifications.framework */ = {isa = PBXFileReference; lastKnownFileType = wrapper.framework; name = UserNotifications.framework; path = System/Library/Frameworks/UserNotifications.framework; sourceTree = SDKROOT; };
		3A85677B1DA908AA00EBD44A /* HutHelper.app */ = {isa = PBXFileReference; explicitFileType = wrapper.application; includeInIndex = 0; path = HutHelper.app; sourceTree = BUILT_PRODUCTS_DIR; };
		3A85677F1DA908AA00EBD44A /* main.m */ = {isa = PBXFileReference; lastKnownFileType = sourcecode.c.objc; path = main.m; sourceTree = "<group>"; };
		3A85678A1DA908AA00EBD44A /* Assets.xcassets */ = {isa = PBXFileReference; lastKnownFileType = folder.assetcatalog; name = Assets.xcassets; path = HutHelper/Assets.xcassets; sourceTree = "<group>"; };
		3A85678F1DA908AA00EBD44A /* Info.plist */ = {isa = PBXFileReference; lastKnownFileType = text.plist.xml; path = Info.plist; sourceTree = "<group>"; };
		3A8BACF61DDDBD5D001C78B8 /* SystemConfiguration.framework */ = {isa = PBXFileReference; lastKnownFileType = wrapper.framework; name = SystemConfiguration.framework; path = System/Library/Frameworks/SystemConfiguration.framework; sourceTree = SDKROOT; };
		3A8BACF81DDDBD71001C78B8 /* libsqlite3.tbd */ = {isa = PBXFileReference; lastKnownFileType = "sourcecode.text-based-dylib-definition"; name = libsqlite3.tbd; path = usr/lib/libsqlite3.tbd; sourceTree = SDKROOT; };
		3A8BACFA1DDDBD81001C78B8 /* libc++.tbd */ = {isa = PBXFileReference; lastKnownFileType = "sourcecode.text-based-dylib-definition"; name = "libc++.tbd"; path = "usr/lib/libc++.tbd"; sourceTree = SDKROOT; };
		3A8BACFC1DDDBDDB001C78B8 /* ImageIO.framework */ = {isa = PBXFileReference; lastKnownFileType = wrapper.framework; name = ImageIO.framework; path = System/Library/Frameworks/ImageIO.framework; sourceTree = SDKROOT; };
		3A92E64B1E4DEA4200EDB030 /* XWScanImage.h */ = {isa = PBXFileReference; fileEncoding = 4; lastKnownFileType = sourcecode.c.h; path = XWScanImage.h; sourceTree = "<group>"; };
		3A92E64C1E4DEA4200EDB030 /* XWScanImage.m */ = {isa = PBXFileReference; fileEncoding = 4; lastKnownFileType = sourcecode.c.objc; path = XWScanImage.m; sourceTree = "<group>"; };
		3AA1BC111E16179C00F75A7E /* MBProgressHUD.bundle */ = {isa = PBXFileReference; lastKnownFileType = "wrapper.plug-in"; name = MBProgressHUD.bundle; path = HutHelper/Lib/MBProgressHUD/MBProgressHUD.bundle; sourceTree = "<group>"; };
		3AA1BC141E16179C00F75A7E /* MBProgressHUD+MJ.h */ = {isa = PBXFileReference; fileEncoding = 4; lastKnownFileType = sourcecode.c.h; name = "MBProgressHUD+MJ.h"; path = "HutHelper/Lib/MBProgressHUD/MBProgressHUD+MJ.h"; sourceTree = "<group>"; };
		3AA1BC151E16179C00F75A7E /* MBProgressHUD+MJ.m */ = {isa = PBXFileReference; fileEncoding = 4; lastKnownFileType = sourcecode.c.objc; name = "MBProgressHUD+MJ.m"; path = "HutHelper/Lib/MBProgressHUD/MBProgressHUD+MJ.m"; sourceTree = "<group>"; };
		3AAC24291DE1CB3C00546B11 /* JSHeaderView.h */ = {isa = PBXFileReference; fileEncoding = 4; lastKnownFileType = sourcecode.c.h; path = JSHeaderView.h; sourceTree = "<group>"; };
		3AAC242A1DE1CB3C00546B11 /* JSHeaderView.m */ = {isa = PBXFileReference; fileEncoding = 4; lastKnownFileType = sourcecode.c.objc; path = JSHeaderView.m; sourceTree = "<group>"; };
		3AAC242C1DE1CB8C00546B11 /* UserInfoCell.h */ = {isa = PBXFileReference; fileEncoding = 4; lastKnownFileType = sourcecode.c.h; path = UserInfoCell.h; sourceTree = "<group>"; };
		3AAC242D1DE1CB8C00546B11 /* UserInfoCell.m */ = {isa = PBXFileReference; fileEncoding = 4; lastKnownFileType = sourcecode.c.objc; lineEnding = 0; path = UserInfoCell.m; sourceTree = "<group>"; xcLanguageSpecificationIdentifier = xcode.lang.objc; };
		3AC51D801E4C8B0000F8D525 /* Base */ = {isa = PBXFileReference; lastKnownFileType = text.plist.strings; name = Base; path = Base.lproj/language.strings; sourceTree = "<group>"; };
		3AC51D821E4C8B0900F8D525 /* zh-Hans */ = {isa = PBXFileReference; lastKnownFileType = text.plist.strings; name = "zh-Hans"; path = "zh-Hans.lproj/language.strings"; sourceTree = "<group>"; };
		3AD87B0E1DACD02E00357212 /* GWPCourseListView.h */ = {isa = PBXFileReference; fileEncoding = 4; lastKnownFileType = sourcecode.c.h; name = GWPCourseListView.h; path = HutHelper/Lib/GWPCourseListView/GWPCourseListView.h; sourceTree = "<group>"; };
		3AD87B0F1DACD02E00357212 /* GWPCourseListView.m */ = {isa = PBXFileReference; fileEncoding = 4; lastKnownFileType = sourcecode.c.objc; name = GWPCourseListView.m; path = HutHelper/Lib/GWPCourseListView/GWPCourseListView.m; sourceTree = "<group>"; };
		A8DF4B266A6C75237AD1C11E /* Pods-HutHelper.release.xcconfig */ = {isa = PBXFileReference; includeInIndex = 1; lastKnownFileType = text.xcconfig; name = "Pods-HutHelper.release.xcconfig"; path = "Pods/Target Support Files/Pods-HutHelper/Pods-HutHelper.release.xcconfig"; sourceTree = "<group>"; };
		CAE9EAE0009084B77EC3CAD6 /* libPods-HutHelper.a */ = {isa = PBXFileReference; explicitFileType = archive.ar; includeInIndex = 0; path = "libPods-HutHelper.a"; sourceTree = BUILT_PRODUCTS_DIR; };
/* End PBXFileReference section */

/* Begin PBXFrameworksBuildPhase section */
		3A2FF4E51E50179700B07EB6 /* Frameworks */ = {
			isa = PBXFrameworksBuildPhase;
			buildActionMask = 2147483647;
			files = (
				3A2FF4EA1E50179700B07EB6 /* NotificationCenter.framework in Frameworks */,
			);
			runOnlyForDeploymentPostprocessing = 0;
		};
		3A8567781DA908AA00EBD44A /* Frameworks */ = {
			isa = PBXFrameworksBuildPhase;
			buildActionMask = 2147483647;
			files = (
				3A8BACFD1DDDBDDB001C78B8 /* ImageIO.framework in Frameworks */,
				3A6FF7C51DB3151E004CFBE8 /* CoreTelephony.framework in Frameworks */,
				3A8BACF71DDDBD5D001C78B8 /* SystemConfiguration.framework in Frameworks */,
				3A8BACFB1DDDBD81001C78B8 /* libc++.tbd in Frameworks */,
				3A6FF7C71DB3152C004CFBE8 /* libz.tbd in Frameworks */,
				3A8BACF91DDDBD71001C78B8 /* libsqlite3.tbd in Frameworks */,
				3A6FF7C91DB31544004CFBE8 /* libsqlite3.0.tbd in Frameworks */,
				3A2D10641DB66063009916D0 /* UIKit.framework in Frameworks */,
				3A2D10621DB66063009916D0 /* Foundation.framework in Frameworks */,
				3A2D10631DB66063009916D0 /* CoreGraphics.framework in Frameworks */,
				3A6FF7C31DB314C7004CFBE8 /* UMMobClick.framework in Frameworks */,
				3A33D7DB1DAE50EF0012EFDE /* libUMessage_Sdk_1.4.0.a in Frameworks */,
				DF4C1EB183B351F157BF18CD /* libPods-HutHelper.a in Frameworks */,
			);
			runOnlyForDeploymentPostprocessing = 0;
		};
/* End PBXFrameworksBuildPhase section */

/* Begin PBXGroup section */
		12486D9D0B1F337F5979987B /* Pods */ = {
			isa = PBXGroup;
			children = (
				0BEA75F30B57DEF614969189 /* Pods-HutHelper.debug.xcconfig */,
				A8DF4B266A6C75237AD1C11E /* Pods-HutHelper.release.xcconfig */,
			);
			name = Pods;
			sourceTree = "<group>";
		};
		3A2FF4EB1E50179700B07EB6 /* Extend */ = {
			isa = PBXGroup;
			children = (
				3A2FF5001E50742E00B07EB6 /* Extend.entitlements */,
				3A2FF4EC1E50179700B07EB6 /* TodayViewController.h */,
				3A2FF4ED1E50179700B07EB6 /* TodayViewController.m */,
				3A2FF4EF1E50179700B07EB6 /* MainInterface.storyboard */,
				3A2FF4F21E50179700B07EB6 /* Info.plist */,
				3A2FF4FB1E50202000B07EB6 /* Media.xcassets */,
				3A2FF4FD1E50210E00B07EB6 /* ExtendModel.h */,
				3A2FF4FE1E50210E00B07EB6 /* ExtendModel.m */,
			);
			path = Extend;
			sourceTree = "<group>";
		};
		3A33D7D81DAE50EF0012EFDE /* UMessage_Sdk_1.4.0 */ = {
			isa = PBXGroup;
			children = (
				3A33D7D91DAE50EF0012EFDE /* libUMessage_Sdk_1.4.0.a */,
				3A33D7DA1DAE50EF0012EFDE /* UMessage.h */,
			);
			name = UMessage_Sdk_1.4.0;
			path = Lib/UMessage_Sdk_1.4.0;
			sourceTree = "<group>";
		};
		3A4D04181E19201B00595183 /* Utils */ = {
			isa = PBXGroup;
			children = (
				3A63DF701E49F10B00AAAAAA /* NullSafe */,
				3A4D38AD1E1FAF6900639C18 /* LTNavigationBar */,
				3AA1BC101E16178900F75A7E /* MBProgressHUD+MJ */,
			);
			name = Utils;
			sourceTree = "<group>";
		};
		3A4D04191E19204300595183 /* 3rd */ = {
			isa = PBXGroup;
			children = (
				3A2D105F1DB66063009916D0 /* Foundation.framework */,
				3A2D10601DB66063009916D0 /* CoreGraphics.framework */,
				3A2D10611DB66063009916D0 /* UIKit.framework */,
				3A92E64A1E4DEA4200EDB030 /* XWScanImage */,
				3A8567A11DA90D2D00EBD44A /* LeftSildeViewController */,
				3A33D7D81DAE50EF0012EFDE /* UMessage_Sdk_1.4.0 */,
				3A6F216F1E4A076B00CC0EEF /* JsonKit */,
				3A776DE61E2B614200F600D6 /* Commit */,
				3AD87B0D1DACD01C00357212 /* GWPCourseListView */,
				3AAC24281DE1CB3C00546B11 /* JSHeaderView */,
			);
			name = 3rd;
			sourceTree = "<group>";
		};
		3A4D38AD1E1FAF6900639C18 /* LTNavigationBar */ = {
			isa = PBXGroup;
			children = (
				3A796C631E534CC200794043 /* UINavigationBar+Awesome.h */,
				3A796C641E534CC200794043 /* UINavigationBar+Awesome.m */,
			);
			name = LTNavigationBar;
			sourceTree = "<group>";
		};
		3A63DF701E49F10B00AAAAAA /* NullSafe */ = {
			isa = PBXGroup;
			children = (
				3A63DF711E49F11600AAAAAA /* NullSafe.m */,
			);
			name = NullSafe;
			sourceTree = "<group>";
		};
		3A6F216F1E4A076B00CC0EEF /* JsonKit */ = {
			isa = PBXGroup;
			children = (
				3A6D7EDC1DABD9DA0081B70D /* JSONKit.h */,
				3A6D7EDD1DABD9DA0081B70D /* JSONKit.m */,
			);
			name = JsonKit;
			sourceTree = "<group>";
		};
		3A776DE61E2B614200F600D6 /* Commit */ = {
			isa = PBXGroup;
			children = (
				3A776DEE1E2B615C00F600D6 /* UUInputAccessoryView */,
				3A776DE71E2B614800F600D6 /* FORGestureTrack */,
			);
			name = Commit;
			sourceTree = "<group>";
		};
		3A776DE71E2B614800F600D6 /* FORGestureTrack */ = {
			isa = PBXGroup;
			children = (
				3A776DE81E2B615100F600D6 /* FORGesture.h */,
				3A776DE91E2B615100F600D6 /* FORGesture.m */,
				3A776DEA1E2B615100F600D6 /* FORGestureTrack.h */,
				3A776DEB1E2B615100F600D6 /* FORGestureTrack.m */,
			);
			name = FORGestureTrack;
			sourceTree = "<group>";
		};
		3A776DEE1E2B615C00F600D6 /* UUInputAccessoryView */ = {
			isa = PBXGroup;
			children = (
				3A776DEF1E2B616500F600D6 /* UUInputAccessoryView.h */,
				3A776DF01E2B616500F600D6 /* UUInputAccessoryView.m */,
			);
			name = UUInputAccessoryView;
			sourceTree = "<group>";
		};
		3A796B9E1E534C1B00794043 /* Controllers */ = {
			isa = PBXGroup;
			children = (
				3A796B9F1E534C1B00794043 /* About */,
				3A796BA21E534C1B00794043 /* Course */,
				3A796BA51E534C1B00794043 /* Day */,
				3A796BA81E534C1B00794043 /* Exam */,
				3A796BB01E534C1B00794043 /* Feedback */,
				3A796BB51E534C1B00794043 /* Hand */,
				3A796BC01E534C1B00794043 /* HomeWork */,
				3A796BC31E534C1B00794043 /* Library */,
				3A796BC61E534C1B00794043 /* Login */,
				3A796BCB1E534C1B00794043 /* Lost */,
				3A796BD91E534C1B00794043 /* Main */,
				3A796BE01E534C1B00794043 /* Notice */,
				3A796BE81E534C1B00794043 /* Other */,
				3A796BED1E534C1B00794043 /* Power */,
				3A796BF01E534C1B00794043 /* Say */,
				3A796C021E534C1B00794043 /* Score */,
				3A796C0A1E534C1B00794043 /* Set */,
				3A796C0D1E534C1B00794043 /* User */,
			);
			path = Controllers;
			sourceTree = "<group>";
		};
		3A796B9F1E534C1B00794043 /* About */ = {
			isa = PBXGroup;
			children = (
				3A796BA01E534C1B00794043 /* AboutViewController.h */,
				3A796BA11E534C1B00794043 /* AboutViewController.m */,
			);
			path = About;
			sourceTree = "<group>";
		};
		3A796BA21E534C1B00794043 /* Course */ = {
			isa = PBXGroup;
			children = (
				3A796BA31E534C1B00794043 /* ClassViewController.h */,
				3A796BA41E534C1B00794043 /* ClassViewController.m */,
			);
			path = Course;
			sourceTree = "<group>";
		};
		3A796BA51E534C1B00794043 /* Day */ = {
			isa = PBXGroup;
			children = (
				3A796BA61E534C1B00794043 /* DayViewController.h */,
				3A796BA71E534C1B00794043 /* DayViewController.m */,
			);
			path = Day;
			sourceTree = "<group>";
		};
		3A796BA81E534C1B00794043 /* Exam */ = {
			isa = PBXGroup;
			children = (
				3A796BA91E534C1B00794043 /* ExamaddViewController.h */,
				3A796BAA1E534C1B00794043 /* ExamaddViewController.m */,
				3A796BAB1E534C1B00794043 /* ExamCell.h */,
				3A796BAC1E534C1B00794043 /* ExamCell.m */,
				3A796BAD1E534C1B00794043 /* ExamCell.xib */,
				3A796BAE1E534C1B00794043 /* ExamNewViewController.h */,
				3A796BAF1E534C1B00794043 /* ExamNewViewController.m */,
			);
			path = Exam;
			sourceTree = "<group>";
		};
		3A796BB01E534C1B00794043 /* Feedback */ = {
			isa = PBXGroup;
			children = (
				3A796BB11E534C1B00794043 /* Feedback2ViewController.h */,
				3A796BB21E534C1B00794043 /* Feedback2ViewController.m */,
				3A796BB31E534C1B00794043 /* FeedbackViewController.h */,
				3A796BB41E534C1B00794043 /* FeedbackViewController.m */,
			);
			path = Feedback;
			sourceTree = "<group>";
		};
		3A796BB51E534C1B00794043 /* Hand */ = {
			isa = PBXGroup;
			children = (
				3A796BB61E534C1B00794043 /* AddhandViewController.h */,
				3A796BB71E534C1B00794043 /* AddhandViewController.m */,
				3A796BB81E534C1B00794043 /* HandShowViewController.h */,
				3A796BB91E534C1B00794043 /* HandShowViewController.m */,
				3A796BBA1E534C1B00794043 /* HandTableViewCell.h */,
				3A796BBB1E534C1B00794043 /* HandTableViewCell.m */,
				3A796BBC1E534C1B00794043 /* HandTableViewCell.xib */,
				3A796BBD1E534C1B00794043 /* HandTableViewController.h */,
				3A796BBE1E534C1B00794043 /* HandTableViewController.m */,
				3A796BBF1E534C1B00794043 /* HandTableViewController.xib */,
			);
			path = Hand;
			sourceTree = "<group>";
		};
		3A796BC01E534C1B00794043 /* HomeWork */ = {
			isa = PBXGroup;
			children = (
				3A796BC11E534C1B00794043 /* HomeWorkViewController.h */,
				3A796BC21E534C1B00794043 /* HomeWorkViewController.m */,
			);
			path = HomeWork;
			sourceTree = "<group>";
		};
		3A796BC31E534C1B00794043 /* Library */ = {
			isa = PBXGroup;
			children = (
				3A796BC41E534C1B00794043 /* LibraryViewController.h */,
				3A796BC51E534C1B00794043 /* LibraryViewController.m */,
			);
			path = Library;
			sourceTree = "<group>";
		};
		3A796BC61E534C1B00794043 /* Login */ = {
			isa = PBXGroup;
			children = (
				3A796BC71E534C1B00794043 /* FirstLoginViewController.h */,
				3A796BC81E534C1B00794043 /* FirstLoginViewController.m */,
				3A796BC91E534C1B00794043 /* Login2ViewController.h */,
				3A796BCA1E534C1B00794043 /* Login2ViewController.m */,
			);
			path = Login;
			sourceTree = "<group>";
		};
		3A796BCB1E534C1B00794043 /* Lost */ = {
			isa = PBXGroup;
			children = (
				3A796BCC1E534C1B00794043 /* AddLostViewController.h */,
				3A796BCD1E534C1B00794043 /* AddLostViewController.m */,
				3A796BCE1E534C1B00794043 /* LostShowPhotoTableViewCell.h */,
				3A796BCF1E534C1B00794043 /* LostShowPhotoTableViewCell.m */,
				3A796BD01E534C1B00794043 /* LostShowPhotoTableViewCell.xib */,
				3A796BD11E534C1B00794043 /* LostShowTableViewCell.h */,
				3A796BD21E534C1B00794043 /* LostShowTableViewCell.m */,
				3A796BD31E534C1B00794043 /* LostShowTableViewCell.xib */,
				3A796BD41E534C1B00794043 /* LostShowTimeTableViewCell.h */,
				3A796BD51E534C1B00794043 /* LostShowTimeTableViewCell.m */,
				3A796BD61E534C1B00794043 /* LostShowTimeTableViewCell.xib */,
				3A796BD71E534C1B00794043 /* LostShowViewController.h */,
				3A796BD81E534C1B00794043 /* LostShowViewController.m */,
			);
			path = Lost;
			sourceTree = "<group>";
		};
		3A796BD91E534C1B00794043 /* Main */ = {
			isa = PBXGroup;
			children = (
				3A796BDA1E534C1B00794043 /* LeftSortsViewController.h */,
				3A796BDB1E534C1B00794043 /* LeftSortsViewController.m */,
				3A796BDC1E534C1B00794043 /* MainPageViewController.h */,
				3A796BDD1E534C1B00794043 /* MainPageViewController.m */,
				3A796BDE1E534C1B00794043 /* MainViewController.h */,
				3A796BDF1E534C1B00794043 /* MainViewController.m */,
			);
			path = Main;
			sourceTree = "<group>";
		};
		3A796BE01E534C1B00794043 /* Notice */ = {
			isa = PBXGroup;
			children = (
				3A796BE11E534C1B00794043 /* NoticeShowViewController.h */,
				3A796BE21E534C1B00794043 /* NoticeShowViewController.m */,
				3A796BE31E534C1B00794043 /* NoticeTableViewCell.h */,
				3A796BE41E534C1B00794043 /* NoticeTableViewCell.m */,
				3A796BE51E534C1B00794043 /* NoticeTableViewCell.xib */,
				3A796BE61E534C1B00794043 /* NoticeViewController.h */,
				3A796BE71E534C1B00794043 /* NoticeViewController.m */,
			);
			path = Notice;
			sourceTree = "<group>";
		};
		3A796BE81E534C1B00794043 /* Other */ = {
			isa = PBXGroup;
			children = (
				3A796BE91E534C1B00794043 /* AppDelegate.h */,
				3A796BEA1E534C1B00794043 /* AppDelegate.m */,
				3A796BEB1E534C1B00794043 /* ViewController.h */,
				3A796BEC1E534C1B00794043 /* ViewController.m */,
			);
			path = Other;
			sourceTree = "<group>";
		};
		3A796BED1E534C1B00794043 /* Power */ = {
			isa = PBXGroup;
			children = (
				3A796BEE1E534C1B00794043 /* PowerViewController.h */,
				3A796BEF1E534C1B00794043 /* PowerViewController.m */,
			);
			path = Power;
			sourceTree = "<group>";
		};
		3A796BF01E534C1B00794043 /* Say */ = {
			isa = PBXGroup;
			children = (
				3A796BF11E534C1B00794043 /* AddSayViewController.h */,
				3A796BF21E534C1B00794043 /* AddSayViewController.m */,
				3A796BF31E534C1B00794043 /* CommitViewCell.h */,
				3A796BF41E534C1B00794043 /* CommitViewCell.m */,
				3A796BF51E534C1B00794043 /* CommitViewCell.xib */,
				3A796BF61E534C1B00794043 /* PhotoViewCell.h */,
				3A796BF71E534C1B00794043 /* PhotoViewCell.m */,
				3A796BF81E534C1B00794043 /* PhotoViewCell.xib */,
				3A796BF91E534C1B00794043 /* SayCommitViewCell.h */,
				3A796BFA1E534C1B00794043 /* SayCommitViewCell.m */,
				3A796BFB1E534C1B00794043 /* SayCommitViewCell.xib */,
				3A796BFC1E534C1B00794043 /* SayViewCell.h */,
				3A796BFD1E534C1B00794043 /* SayViewCell.m */,
				3A796BFE1E534C1B00794043 /* SayViewCell.xib */,
				3A796BFF1E534C1B00794043 /* SayViewController.h */,
				3A796C001E534C1B00794043 /* SayViewController.m */,
				3A796C011E534C1B00794043 /* SayViewController.xib */,
			);
			path = Say;
			sourceTree = "<group>";
		};
		3A796C021E534C1B00794043 /* Score */ = {
			isa = PBXGroup;
			children = (
				3A796C031E534C1B00794043 /* ScoreDataViewController.h */,
				3A796C041E534C1B00794043 /* ScoreDataViewController.m */,
				3A796C051E534C1B00794043 /* ScoreShowViewController.h */,
				3A796C061E534C1B00794043 /* ScoreShowViewController.m */,
				3A796C071E534C1B00794043 /* ScoreTableViewCell.h */,
				3A796C081E534C1B00794043 /* ScoreTableViewCell.m */,
				3A796C091E534C1B00794043 /* ScoreTableViewCell.xib */,
			);
			path = Score;
			sourceTree = "<group>";
		};
		3A796C0A1E534C1B00794043 /* Set */ = {
			isa = PBXGroup;
			children = (
				3A796C0B1E534C1B00794043 /* SetViewController.h */,
				3A796C0C1E534C1B00794043 /* SetViewController.m */,
			);
			path = Set;
			sourceTree = "<group>";
		};
		3A796C0D1E534C1B00794043 /* User */ = {
			isa = PBXGroup;
			children = (
				3A796C0E1E534C1B00794043 /* UsernameViewController.h */,
				3A796C0F1E534C1B00794043 /* UsernameViewController.m */,
				3A796C101E534C1B00794043 /* UserViewController.h */,
				3A796C111E534C1B00794043 /* UserViewController.m */,
			);
			path = User;
			sourceTree = "<group>";
		};
		3A796C121E534C1B00794043 /* Models */ = {
			isa = PBXGroup;
			children = (
				3A796C131E534C1B00794043 /* Config.h */,
				3A796C141E534C1B00794043 /* Config.m */,
				3A796C151E534C1B00794043 /* CourseModel.h */,
				3A796C161E534C1B00794043 /* CourseModel.m */,
				3A796C171E534C1B00794043 /* HUTAPI.h */,
				3A796C181E534C1B00794043 /* Math.h */,
				3A796C191E534C1B00794043 /* Math.m */,
				3A796C1A1E534C1B00794043 /* Score.h */,
				3A796C1B1E534C1B00794043 /* Score.m */,
				3A796C1C1E534C1B00794043 /* User.h */,
				3A796C1D1E534C1B00794043 /* User.m */,
			);
			path = Models;
			sourceTree = "<group>";
		};
		3A796C661E534DAE00794043 /* Views */ = {
			isa = PBXGroup;
			children = (
				3A796C671E534DAE00794043 /* FirstLoginViewController.xib */,
				3A796C681E534DAE00794043 /* Launch Screen.storyboard */,
				3A796C691E534DAE00794043 /* Main.storyboard */,
				3A796C6A1E534DAE00794043 /* MainViewController.xib */,
			);
			path = Views;
			sourceTree = "<group>";
		};
		3A7D3CA81DB0A6CB00355E7A /* Frameworks */ = {
			isa = PBXGroup;
			children = (
				3A8BACFC1DDDBDDB001C78B8 /* ImageIO.framework */,
				3A8BACFA1DDDBD81001C78B8 /* libc++.tbd */,
				3A8BACF81DDDBD71001C78B8 /* libsqlite3.tbd */,
				3A8BACF61DDDBD5D001C78B8 /* SystemConfiguration.framework */,
				3A6FF7C81DB31544004CFBE8 /* libsqlite3.0.tbd */,
				3A6FF7C61DB3152C004CFBE8 /* libz.tbd */,
				3A6FF7C41DB3151E004CFBE8 /* CoreTelephony.framework */,
				3A6FF7C21DB314C7004CFBE8 /* UMMobClick.framework */,
				3A7D3CA91DB0A6CB00355E7A /* UserNotifications.framework */,
				CAE9EAE0009084B77EC3CAD6 /* libPods-HutHelper.a */,
				3A2FF4E91E50179700B07EB6 /* NotificationCenter.framework */,
			);
			name = Frameworks;
			sourceTree = "<group>";
		};
		3A8567721DA908AA00EBD44A = {
			isa = PBXGroup;
			children = (
				3A85677D1DA908AA00EBD44A /* HutHelper */,
				3A85678A1DA908AA00EBD44A /* Assets.xcassets */,
				3A2FF4EB1E50179700B07EB6 /* Extend */,
				3A85677C1DA908AA00EBD44A /* Products */,
				3A7D3CA81DB0A6CB00355E7A /* Frameworks */,
				12486D9D0B1F337F5979987B /* Pods */,
			);
			sourceTree = "<group>";
		};
		3A85677C1DA908AA00EBD44A /* Products */ = {
			isa = PBXGroup;
			children = (
				3A85677B1DA908AA00EBD44A /* HutHelper.app */,
				3A2FF4E81E50179700B07EB6 /* Extend.appex */,
			);
			name = Products;
			sourceTree = "<group>";
		};
		3A85677D1DA908AA00EBD44A /* HutHelper */ = {
			isa = PBXGroup;
			children = (
				3A796B9E1E534C1B00794043 /* Controllers */,
				3A796C121E534C1B00794043 /* Models */,
				3A796C661E534DAE00794043 /* Views */,
				3A4D04191E19204300595183 /* 3rd */,
				3A4D04181E19201B00595183 /* Utils */,
				3A85677E1DA908AA00EBD44A /* Supporting Files */,
			);
			path = HutHelper;
			sourceTree = "<group>";
		};
		3A85677E1DA908AA00EBD44A /* Supporting Files */ = {
			isa = PBXGroup;
			children = (
				3A33D7D71DAE4F8D0012EFDE /* HutHelper.entitlements */,
				3A85678F1DA908AA00EBD44A /* Info.plist */,
				3A85677F1DA908AA00EBD44A /* main.m */,
				3AC51D811E4C8B0000F8D525 /* language.strings */,
			);
			name = "Supporting Files";
			sourceTree = "<group>";
		};
		3A8567A11DA90D2D00EBD44A /* LeftSildeViewController */ = {
			isa = PBXGroup;
			children = (
				3A6D7EDF1DABD9F50081B70D /* LeftSlideViewController.h */,
				3A6D7EE01DABD9F50081B70D /* UIView_extra.h */,
				3A6D7EE11DABD9F50081B70D /* LeftSlideViewController.m */,
				3A6D7EE21DABD9F50081B70D /* UIView_extra.m */,
			);
			name = LeftSildeViewController;
			sourceTree = "<group>";
		};
		3A92E64A1E4DEA4200EDB030 /* XWScanImage */ = {
			isa = PBXGroup;
			children = (
				3A92E64B1E4DEA4200EDB030 /* XWScanImage.h */,
				3A92E64C1E4DEA4200EDB030 /* XWScanImage.m */,
			);
			name = XWScanImage;
			path = Lib/XWScanImage;
			sourceTree = "<group>";
		};
		3AA1BC101E16178900F75A7E /* MBProgressHUD+MJ */ = {
			isa = PBXGroup;
			children = (
				3AA1BC111E16179C00F75A7E /* MBProgressHUD.bundle */,
				3AA1BC141E16179C00F75A7E /* MBProgressHUD+MJ.h */,
				3AA1BC151E16179C00F75A7E /* MBProgressHUD+MJ.m */,
			);
			name = "MBProgressHUD+MJ";
			path = ..;
			sourceTree = "<group>";
		};
		3AAC24281DE1CB3C00546B11 /* JSHeaderView */ = {
			isa = PBXGroup;
			children = (
				3A449C701E16C2E500D89CEA /* header@2x.jpg */,
				3AAC24291DE1CB3C00546B11 /* JSHeaderView.h */,
				3AAC242A1DE1CB3C00546B11 /* JSHeaderView.m */,
				3AAC242C1DE1CB8C00546B11 /* UserInfoCell.h */,
				3AAC242D1DE1CB8C00546B11 /* UserInfoCell.m */,
			);
			name = JSHeaderView;
			path = Lib/JSHeaderView;
			sourceTree = "<group>";
		};
		3AD87B0D1DACD01C00357212 /* GWPCourseListView */ = {
			isa = PBXGroup;
			children = (
				3AD87B0E1DACD02E00357212 /* GWPCourseListView.h */,
				3AD87B0F1DACD02E00357212 /* GWPCourseListView.m */,
			);
			name = GWPCourseListView;
			path = ..;
			sourceTree = "<group>";
		};
/* End PBXGroup section */

/* Begin PBXNativeTarget section */
		3A2FF4E71E50179700B07EB6 /* Extend */ = {
			isa = PBXNativeTarget;
			buildConfigurationList = 3A2FF4F61E50179700B07EB6 /* Build configuration list for PBXNativeTarget "Extend" */;
			buildPhases = (
				3A2FF4E41E50179700B07EB6 /* Sources */,
				3A2FF4E51E50179700B07EB6 /* Frameworks */,
				3A2FF4E61E50179700B07EB6 /* Resources */,
			);
			buildRules = (
			);
			dependencies = (
			);
			name = Extend;
			productName = Extend;
			productReference = 3A2FF4E81E50179700B07EB6 /* Extend.appex */;
			productType = "com.apple.product-type.app-extension";
		};
		3A85677A1DA908AA00EBD44A /* HutHelper */ = {
			isa = PBXNativeTarget;
			buildConfigurationList = 3A8567921DA908AA00EBD44A /* Build configuration list for PBXNativeTarget "HutHelper" */;
			buildPhases = (
				C0F366FF131B7D647531FC04 /* [CP] Check Pods Manifest.lock */,
				3A8567771DA908AA00EBD44A /* Sources */,
				3A8567781DA908AA00EBD44A /* Frameworks */,
				3A8567791DA908AA00EBD44A /* Resources */,
				3A7D3CB71DB0A7ED00355E7A /* Embed App Extensions */,
				DE2F0CB3A6D5BA5EE0A0DB3F /* [CP] Embed Pods Frameworks */,
				59C2F2075DA79D116FBB9EAC /* [CP] Copy Pods Resources */,
			);
			buildRules = (
			);
			dependencies = (
				3A2FF4F41E50179700B07EB6 /* PBXTargetDependency */,
			);
			name = HutHelper;
			productName = HutHelper;
			productReference = 3A85677B1DA908AA00EBD44A /* HutHelper.app */;
			productType = "com.apple.product-type.application";
		};
/* End PBXNativeTarget section */

/* Begin PBXProject section */
		3A8567731DA908AA00EBD44A /* Project object */ = {
			isa = PBXProject;
			attributes = {
				LastUpgradeCheck = 0800;
				ORGANIZATIONNAME = nine;
				TargetAttributes = {
					3A2FF4E71E50179700B07EB6 = {
						CreatedOnToolsVersion = 8.2.1;
						DevelopmentTeam = JW2LR94V6G;
						ProvisioningStyle = Automatic;
						SystemCapabilities = {
							com.apple.ApplicationGroups.iOS = {
								enabled = 1;
							};
						};
					};
					3A85677A1DA908AA00EBD44A = {
						CreatedOnToolsVersion = 8.0;
						DevelopmentTeam = JW2LR94V6G;
						LastSwiftMigration = 0800;
						ProvisioningStyle = Automatic;
						SystemCapabilities = {
							com.apple.ApplicationGroups.iOS = {
								enabled = 1;
							};
							com.apple.Push = {
								enabled = 1;
							};
						};
					};
				};
			};
			buildConfigurationList = 3A8567761DA908AA00EBD44A /* Build configuration list for PBXProject "HutHelper" */;
			compatibilityVersion = "Xcode 3.2";
			developmentRegion = English;
			hasScannedForEncodings = 0;
			knownRegions = (
				en,
				Base,
				"zh-Hans",
			);
			mainGroup = 3A8567721DA908AA00EBD44A;
			productRefGroup = 3A85677C1DA908AA00EBD44A /* Products */;
			projectDirPath = "";
			projectRoot = "";
			targets = (
				3A85677A1DA908AA00EBD44A /* HutHelper */,
				3A2FF4E71E50179700B07EB6 /* Extend */,
			);
		};
/* End PBXProject section */

/* Begin PBXResourcesBuildPhase section */
		3A2FF4E61E50179700B07EB6 /* Resources */ = {
			isa = PBXResourcesBuildPhase;
			buildActionMask = 2147483647;
			files = (
				3A2FF4F11E50179700B07EB6 /* MainInterface.storyboard in Resources */,
				3A2FF4FC1E50202000B07EB6 /* Media.xcassets in Resources */,
			);
			runOnlyForDeploymentPostprocessing = 0;
		};
		3A8567791DA908AA00EBD44A /* Resources */ = {
			isa = PBXResourcesBuildPhase;
			buildActionMask = 2147483647;
			files = (
				3A796C2A1E534C1B00794043 /* HandTableViewCell.xib in Resources */,
				3A796C491E534C1B00794043 /* SayCommitViewCell.xib in Resources */,
				3A796C471E534C1B00794043 /* PhotoViewCell.xib in Resources */,
				3A796C3E1E534C1B00794043 /* NoticeTableViewCell.xib in Resources */,
				3A796C511E534C1B00794043 /* ScoreTableViewCell.xib in Resources */,
				3A796C4D1E534C1B00794043 /* SayViewController.xib in Resources */,
				3AC51D7F1E4C8B0000F8D525 /* language.strings in Resources */,
				3A796C6B1E534DAE00794043 /* FirstLoginViewController.xib in Resources */,
				3A796C6C1E534DAE00794043 /* Launch Screen.storyboard in Resources */,
				3A796C371E534C1B00794043 /* LostShowTimeTableViewCell.xib in Resources */,
				3A796C451E534C1B00794043 /* CommitViewCell.xib in Resources */,
				3A796C6D1E534DAE00794043 /* Main.storyboard in Resources */,
				3A85678B1DA908AA00EBD44A /* Assets.xcassets in Resources */,
				3A449C711E16C2E500D89CEA /* header@2x.jpg in Resources */,
				3A796C351E534C1B00794043 /* LostShowTableViewCell.xib in Resources */,
				3A796C231E534C1B00794043 /* ExamCell.xib in Resources */,
				3AA1BC161E16179C00F75A7E /* MBProgressHUD.bundle in Resources */,
				3A796C2C1E534C1B00794043 /* HandTableViewController.xib in Resources */,
				3A796C331E534C1B00794043 /* LostShowPhotoTableViewCell.xib in Resources */,
				3A796C6E1E534DAE00794043 /* MainViewController.xib in Resources */,
				3A796C4B1E534C1B00794043 /* SayViewCell.xib in Resources */,
			);
			runOnlyForDeploymentPostprocessing = 0;
		};
/* End PBXResourcesBuildPhase section */

/* Begin PBXShellScriptBuildPhase section */
		59C2F2075DA79D116FBB9EAC /* [CP] Copy Pods Resources */ = {
			isa = PBXShellScriptBuildPhase;
			buildActionMask = 2147483647;
			files = (
			);
			inputPaths = (
			);
			name = "[CP] Copy Pods Resources";
			outputPaths = (
			);
			runOnlyForDeploymentPostprocessing = 0;
			shellPath = /bin/sh;
			shellScript = "\"${SRCROOT}/Pods/Target Support Files/Pods-HutHelper/Pods-HutHelper-resources.sh\"\n";
			showEnvVarsInLog = 0;
		};
		C0F366FF131B7D647531FC04 /* [CP] Check Pods Manifest.lock */ = {
			isa = PBXShellScriptBuildPhase;
			buildActionMask = 2147483647;
			files = (
			);
			inputPaths = (
			);
			name = "[CP] Check Pods Manifest.lock";
			outputPaths = (
			);
			runOnlyForDeploymentPostprocessing = 0;
			shellPath = /bin/sh;
			shellScript = "diff \"${PODS_ROOT}/../Podfile.lock\" \"${PODS_ROOT}/Manifest.lock\" > /dev/null\nif [ $? != 0 ] ; then\n    # print error to STDERR\n    echo \"error: The sandbox is not in sync with the Podfile.lock. Run 'pod install' or update your CocoaPods installation.\" >&2\n    exit 1\nfi\n";
			showEnvVarsInLog = 0;
		};
		DE2F0CB3A6D5BA5EE0A0DB3F /* [CP] Embed Pods Frameworks */ = {
			isa = PBXShellScriptBuildPhase;
			buildActionMask = 2147483647;
			files = (
			);
			inputPaths = (
			);
			name = "[CP] Embed Pods Frameworks";
			outputPaths = (
			);
			runOnlyForDeploymentPostprocessing = 0;
			shellPath = /bin/sh;
			shellScript = "\"${SRCROOT}/Pods/Target Support Files/Pods-HutHelper/Pods-HutHelper-frameworks.sh\"\n";
			showEnvVarsInLog = 0;
		};
/* End PBXShellScriptBuildPhase section */

/* Begin PBXSourcesBuildPhase section */
		3A2FF4E41E50179700B07EB6 /* Sources */ = {
			isa = PBXSourcesBuildPhase;
			buildActionMask = 2147483647;
			files = (
				3A2FF4EE1E50179700B07EB6 /* TodayViewController.m in Sources */,
				3A2FF4FF1E50210E00B07EB6 /* ExtendModel.m in Sources */,
			);
			runOnlyForDeploymentPostprocessing = 0;
		};
		3A8567771DA908AA00EBD44A /* Sources */ = {
			isa = PBXSourcesBuildPhase;
			buildActionMask = 2147483647;
			files = (
				3A92E64D1E4DEA4200EDB030 /* XWScanImage.m in Sources */,
				3A796C391E534C1B00794043 /* LeftSortsViewController.m in Sources */,
				3A796C221E534C1B00794043 /* ExamCell.m in Sources */,
				3A796C251E534C1B00794043 /* Feedback2ViewController.m in Sources */,
				3A6D7EDE1DABD9DA0081B70D /* JSONKit.m in Sources */,
				3A796C271E534C1B00794043 /* AddhandViewController.m in Sources */,
				3A796C561E534C1B00794043 /* CourseModel.m in Sources */,
				3A796C311E534C1B00794043 /* AddLostViewController.m in Sources */,
				3A796C531E534C1B00794043 /* UsernameViewController.m in Sources */,
				3A796C441E534C1B00794043 /* CommitViewCell.m in Sources */,
				3A796C571E534C1B00794043 /* Math.m in Sources */,
				3A796C381E534C1B00794043 /* LostShowViewController.m in Sources */,
				3A796C4A1E534C1B00794043 /* SayViewCell.m in Sources */,
				3AAC242B1DE1CB3C00546B11 /* JSHeaderView.m in Sources */,
				3A796C321E534C1B00794043 /* LostShowPhotoTableViewCell.m in Sources */,
				3A796C2B1E534C1B00794043 /* HandTableViewController.m in Sources */,
				3A796C3F1E534C1B00794043 /* NoticeViewController.m in Sources */,
				3A796C461E534C1B00794043 /* PhotoViewCell.m in Sources */,
				3A796C261E534C1B00794043 /* FeedbackViewController.m in Sources */,
				3A796C481E534C1B00794043 /* SayCommitViewCell.m in Sources */,
				3A796C3C1E534C1B00794043 /* NoticeShowViewController.m in Sources */,
				3A796C3D1E534C1B00794043 /* NoticeTableViewCell.m in Sources */,
				3A796C2F1E534C1B00794043 /* FirstLoginViewController.m in Sources */,
				3A796C541E534C1B00794043 /* UserViewController.m in Sources */,
				3A796C501E534C1B00794043 /* ScoreTableViewCell.m in Sources */,
				3A796C201E534C1B00794043 /* DayViewController.m in Sources */,
				3A796C3A1E534C1B00794043 /* MainPageViewController.m in Sources */,
				3A796C651E534CC200794043 /* UINavigationBar+Awesome.m in Sources */,
				3A63DF721E49F11600AAAAAA /* NullSafe.m in Sources */,
				3A796C431E534C1B00794043 /* AddSayViewController.m in Sources */,
				3A776DEC1E2B615100F600D6 /* FORGesture.m in Sources */,
				3A796C4E1E534C1B00794043 /* ScoreDataViewController.m in Sources */,
				3A796C401E534C1B00794043 /* AppDelegate.m in Sources */,
				3A796C1F1E534C1B00794043 /* ClassViewController.m in Sources */,
				3A796C521E534C1B00794043 /* SetViewController.m in Sources */,
				3A796C301E534C1B00794043 /* Login2ViewController.m in Sources */,
				3A796C211E534C1B00794043 /* ExamaddViewController.m in Sources */,
				3A796C551E534C1B00794043 /* Config.m in Sources */,
				3A6D7EE41DABD9F50081B70D /* UIView_extra.m in Sources */,
				3A796C241E534C1B00794043 /* ExamNewViewController.m in Sources */,
				3A796C361E534C1B00794043 /* LostShowTimeTableViewCell.m in Sources */,
				3A796C4C1E534C1B00794043 /* SayViewController.m in Sources */,
				3A796C1E1E534C1B00794043 /* AboutViewController.m in Sources */,
				3A796C591E534C1B00794043 /* User.m in Sources */,
				3A796C581E534C1B00794043 /* Score.m in Sources */,
				3A796C421E534C1B00794043 /* PowerViewController.m in Sources */,
				3A796C4F1E534C1B00794043 /* ScoreShowViewController.m in Sources */,
				3A796C2D1E534C1B00794043 /* HomeWorkViewController.m in Sources */,
				3A796C3B1E534C1B00794043 /* MainViewController.m in Sources */,
				3A796C341E534C1B00794043 /* LostShowTableViewCell.m in Sources */,
				3A6D7EE31DABD9F50081B70D /* LeftSlideViewController.m in Sources */,
				3AAC242E1DE1CB8C00546B11 /* UserInfoCell.m in Sources */,
				3A8567801DA908AA00EBD44A /* main.m in Sources */,
				3A776DF11E2B616500F600D6 /* UUInputAccessoryView.m in Sources */,
				3A796C2E1E534C1B00794043 /* LibraryViewController.m in Sources */,
				3AD87B101DACD02E00357212 /* GWPCourseListView.m in Sources */,
				3AA1BC181E16179C00F75A7E /* MBProgressHUD+MJ.m in Sources */,
				3A796C281E534C1B00794043 /* HandShowViewController.m in Sources */,
				3A796C411E534C1B00794043 /* ViewController.m in Sources */,
				3A796C291E534C1B00794043 /* HandTableViewCell.m in Sources */,
				3A776DED1E2B615100F600D6 /* FORGestureTrack.m in Sources */,
			);
			runOnlyForDeploymentPostprocessing = 0;
		};
/* End PBXSourcesBuildPhase section */

/* Begin PBXTargetDependency section */
		3A2FF4F41E50179700B07EB6 /* PBXTargetDependency */ = {
			isa = PBXTargetDependency;
			target = 3A2FF4E71E50179700B07EB6 /* Extend */;
			targetProxy = 3A2FF4F31E50179700B07EB6 /* PBXContainerItemProxy */;
		};
/* End PBXTargetDependency section */

/* Begin PBXVariantGroup section */
		3A2FF4EF1E50179700B07EB6 /* MainInterface.storyboard */ = {
			isa = PBXVariantGroup;
			children = (
				3A2FF4F01E50179700B07EB6 /* Base */,
			);
			name = MainInterface.storyboard;
			sourceTree = "<group>";
		};
		3AC51D811E4C8B0000F8D525 /* language.strings */ = {
			isa = PBXVariantGroup;
			children = (
				3AC51D801E4C8B0000F8D525 /* Base */,
				3AC51D821E4C8B0900F8D525 /* zh-Hans */,
			);
			name = language.strings;
			sourceTree = "<group>";
		};
/* End PBXVariantGroup section */

/* Begin XCBuildConfiguration section */
		3A2FF4F71E50179700B07EB6 /* Debug */ = {
			isa = XCBuildConfiguration;
			buildSettings = {
				CLANG_WARN_SUSPICIOUS_MOVE = YES;
				CODE_SIGN_ENTITLEMENTS = Extend/Extend.entitlements;
				DEVELOPMENT_TEAM = JW2LR94V6G;
				INFOPLIST_FILE = Extend/Info.plist;
				IPHONEOS_DEPLOYMENT_TARGET = 10.2;
				LD_RUNPATH_SEARCH_PATHS = "$(inherited) @executable_path/Frameworks @executable_path/../../Frameworks";
				PRODUCT_BUNDLE_IDENTIFIER = name.wxz.HutHelper.Extend;
				PRODUCT_NAME = "$(TARGET_NAME)";
				SKIP_INSTALL = YES;
			};
			name = Debug;
		};
		3A2FF4F81E50179700B07EB6 /* Release */ = {
			isa = XCBuildConfiguration;
			buildSettings = {
				CLANG_WARN_SUSPICIOUS_MOVE = YES;
				CODE_SIGN_ENTITLEMENTS = Extend/Extend.entitlements;
				DEVELOPMENT_TEAM = JW2LR94V6G;
				INFOPLIST_FILE = Extend/Info.plist;
				IPHONEOS_DEPLOYMENT_TARGET = 10.2;
				LD_RUNPATH_SEARCH_PATHS = "$(inherited) @executable_path/Frameworks @executable_path/../../Frameworks";
				PRODUCT_BUNDLE_IDENTIFIER = name.wxz.HutHelper.Extend;
				PRODUCT_NAME = "$(TARGET_NAME)";
				SKIP_INSTALL = YES;
			};
			name = Release;
		};
		3A8567901DA908AA00EBD44A /* Debug */ = {
			isa = XCBuildConfiguration;
			buildSettings = {
				ALWAYS_SEARCH_USER_PATHS = NO;
				CLANG_ANALYZER_LOCALIZABILITY_NONLOCALIZED = YES;
				CLANG_ANALYZER_NONNULL = YES;
				CLANG_CXX_LANGUAGE_STANDARD = "gnu++0x";
				CLANG_CXX_LIBRARY = "libc++";
				CLANG_ENABLE_MODULES = YES;
				CLANG_ENABLE_OBJC_ARC = YES;
				CLANG_WARN_BOOL_CONVERSION = YES;
				CLANG_WARN_CONSTANT_CONVERSION = YES;
				CLANG_WARN_DIRECT_OBJC_ISA_USAGE = YES_ERROR;
				CLANG_WARN_DOCUMENTATION_COMMENTS = YES;
				CLANG_WARN_EMPTY_BODY = YES;
				CLANG_WARN_ENUM_CONVERSION = YES;
				CLANG_WARN_INFINITE_RECURSION = YES;
				CLANG_WARN_INT_CONVERSION = YES;
				CLANG_WARN_OBJC_ROOT_CLASS = YES_ERROR;
				CLANG_WARN_SUSPICIOUS_MOVES = YES;
				CLANG_WARN_UNREACHABLE_CODE = YES;
				CLANG_WARN__DUPLICATE_METHOD_MATCH = YES;
				"CODE_SIGN_IDENTITY[sdk=iphoneos*]" = "iPhone Developer";
				COPY_PHASE_STRIP = NO;
				DEBUG_INFORMATION_FORMAT = dwarf;
				ENABLE_STRICT_OBJC_MSGSEND = YES;
				ENABLE_TESTABILITY = YES;
				GCC_C_LANGUAGE_STANDARD = gnu99;
				GCC_DYNAMIC_NO_PIC = NO;
				GCC_NO_COMMON_BLOCKS = YES;
				GCC_OPTIMIZATION_LEVEL = 0;
				GCC_PREPROCESSOR_DEFINITIONS = (
					"DEBUG=1",
					"$(inherited)",
				);
				GCC_WARN_64_TO_32_BIT_CONVERSION = YES;
				GCC_WARN_ABOUT_RETURN_TYPE = YES_ERROR;
				GCC_WARN_UNDECLARED_SELECTOR = YES;
				GCC_WARN_UNINITIALIZED_AUTOS = YES_AGGRESSIVE;
				GCC_WARN_UNUSED_FUNCTION = YES;
				GCC_WARN_UNUSED_VARIABLE = YES;
				IPHONEOS_DEPLOYMENT_TARGET = 10.0;
				MTL_ENABLE_DEBUG_INFO = YES;
				ONLY_ACTIVE_ARCH = YES;
				OTHER_LDFLAGS = "-ObjC";
				SDKROOT = iphoneos;
				TARGETED_DEVICE_FAMILY = "1,2";
			};
			name = Debug;
		};
		3A8567911DA908AA00EBD44A /* Release */ = {
			isa = XCBuildConfiguration;
			buildSettings = {
				ALWAYS_SEARCH_USER_PATHS = NO;
				CLANG_ANALYZER_LOCALIZABILITY_NONLOCALIZED = YES;
				CLANG_ANALYZER_NONNULL = YES;
				CLANG_CXX_LANGUAGE_STANDARD = "gnu++0x";
				CLANG_CXX_LIBRARY = "libc++";
				CLANG_ENABLE_MODULES = YES;
				CLANG_ENABLE_OBJC_ARC = YES;
				CLANG_WARN_BOOL_CONVERSION = YES;
				CLANG_WARN_CONSTANT_CONVERSION = YES;
				CLANG_WARN_DIRECT_OBJC_ISA_USAGE = YES_ERROR;
				CLANG_WARN_DOCUMENTATION_COMMENTS = YES;
				CLANG_WARN_EMPTY_BODY = YES;
				CLANG_WARN_ENUM_CONVERSION = YES;
				CLANG_WARN_INFINITE_RECURSION = YES;
				CLANG_WARN_INT_CONVERSION = YES;
				CLANG_WARN_OBJC_ROOT_CLASS = YES_ERROR;
				CLANG_WARN_SUSPICIOUS_MOVES = YES;
				CLANG_WARN_UNREACHABLE_CODE = YES;
				CLANG_WARN__DUPLICATE_METHOD_MATCH = YES;
				"CODE_SIGN_IDENTITY[sdk=iphoneos*]" = "iPhone Developer";
				COPY_PHASE_STRIP = NO;
				DEBUG_INFORMATION_FORMAT = "dwarf-with-dsym";
				ENABLE_NS_ASSERTIONS = NO;
				ENABLE_STRICT_OBJC_MSGSEND = YES;
				GCC_C_LANGUAGE_STANDARD = gnu99;
				GCC_NO_COMMON_BLOCKS = YES;
				GCC_WARN_64_TO_32_BIT_CONVERSION = YES;
				GCC_WARN_ABOUT_RETURN_TYPE = YES_ERROR;
				GCC_WARN_UNDECLARED_SELECTOR = YES;
				GCC_WARN_UNINITIALIZED_AUTOS = YES_AGGRESSIVE;
				GCC_WARN_UNUSED_FUNCTION = YES;
				GCC_WARN_UNUSED_VARIABLE = YES;
				IPHONEOS_DEPLOYMENT_TARGET = 10.0;
				MTL_ENABLE_DEBUG_INFO = NO;
				OTHER_LDFLAGS = "-ObjC";
				SDKROOT = iphoneos;
				TARGETED_DEVICE_FAMILY = "1,2";
				VALIDATE_PRODUCT = YES;
			};
			name = Release;
		};
		3A8567931DA908AA00EBD44A /* Debug */ = {
			isa = XCBuildConfiguration;
			baseConfigurationReference = 0BEA75F30B57DEF614969189 /* Pods-HutHelper.debug.xcconfig */;
			buildSettings = {
				ASSETCATALOG_COMPILER_APPICON_NAME = AppIcon;
				CODE_SIGN_ENTITLEMENTS = HutHelper/HutHelper.entitlements;
				"CODE_SIGN_IDENTITY[sdk=iphoneos*]" = "iPhone Developer";
				DEVELOPMENT_TEAM = "";
				FRAMEWORK_SEARCH_PATHS = (
					"$(inherited)",
					"$(PROJECT_DIR)/HutHelper/Lib",
					"$(PROJECT_DIR)",
					"$(PROJECT_DIR)/UMSocial/SocialLibraries/QQ",
					"$(PROJECT_DIR)/UMSocial/UMSocialSDK",
					"$(PROJECT_DIR)/HutHelper/Lib/UMSocial/SocialLibraries/QQ",
					"$(PROJECT_DIR)/HutHelper/Lib/UMSocial/UMSocialSDK",
				);
				GCC_PREFIX_HEADER = "";
				INFOPLIST_FILE = HutHelper/Info.plist;
				IPHONEOS_DEPLOYMENT_TARGET = 8.0;
				LD_RUNPATH_SEARCH_PATHS = "$(inherited) @executable_path/Frameworks";
				LIBRARY_SEARCH_PATHS = (
					"$(inherited)",
					"$(PROJECT_DIR)/HutHelper/Lib/UMessage_Sdk_1.4.0",
					"$(PROJECT_DIR)/UMSocial/SocialLibraries/QQ",
					"$(PROJECT_DIR)/UMSocial/SocialLibraries/Sina",
					"$(PROJECT_DIR)/UMSocial/SocialLibraries/WeChat",
					"$(PROJECT_DIR)/HutHelper/Lib/UMSocial/SocialLibraries/QQ",
					"$(PROJECT_DIR)/HutHelper/Lib/UMSocial/SocialLibraries/Sina",
					"$(PROJECT_DIR)/HutHelper/Lib/UMSocial/SocialLibraries/WeChat",
				);
				NEW_SETTING = "";
				PRODUCT_BUNDLE_IDENTIFIER = name.wxz.HutHelper;
				PRODUCT_NAME = "$(TARGET_NAME)";
				PROVISIONING_PROFILE = "";
				PROVISIONING_PROFILE_SPECIFIER = "";
				SWIFT_OBJC_BRIDGING_HEADER = "HutHelper-Bridging-Header.h";
				SWIFT_OPTIMIZATION_LEVEL = "-Onone";
				SWIFT_VERSION = 3.0;
				TARGETED_DEVICE_FAMILY = "1,2";
			};
			name = Debug;
		};
		3A8567941DA908AA00EBD44A /* Release */ = {
			isa = XCBuildConfiguration;
			baseConfigurationReference = A8DF4B266A6C75237AD1C11E /* Pods-HutHelper.release.xcconfig */;
			buildSettings = {
				ASSETCATALOG_COMPILER_APPICON_NAME = AppIcon;
				CODE_SIGN_ENTITLEMENTS = HutHelper/HutHelper.entitlements;
				"CODE_SIGN_IDENTITY[sdk=iphoneos*]" = "iPhone Developer";
				DEVELOPMENT_TEAM = "";
				FRAMEWORK_SEARCH_PATHS = (
					"$(inherited)",
					"$(PROJECT_DIR)/HutHelper/Lib",
					"$(PROJECT_DIR)",
					"$(PROJECT_DIR)/UMSocial/SocialLibraries/QQ",
					"$(PROJECT_DIR)/UMSocial/UMSocialSDK",
					"$(PROJECT_DIR)/HutHelper/Lib/UMSocial/SocialLibraries/QQ",
					"$(PROJECT_DIR)/HutHelper/Lib/UMSocial/UMSocialSDK",
				);
				GCC_PREFIX_HEADER = "";
				INFOPLIST_FILE = HutHelper/Info.plist;
				IPHONEOS_DEPLOYMENT_TARGET = 8.0;
				LD_RUNPATH_SEARCH_PATHS = "$(inherited) @executable_path/Frameworks";
				LIBRARY_SEARCH_PATHS = (
					"$(inherited)",
					"$(PROJECT_DIR)/HutHelper/Lib/UMessage_Sdk_1.4.0",
					"$(PROJECT_DIR)/UMSocial/SocialLibraries/QQ",
					"$(PROJECT_DIR)/UMSocial/SocialLibraries/Sina",
					"$(PROJECT_DIR)/UMSocial/SocialLibraries/WeChat",
					"$(PROJECT_DIR)/HutHelper/Lib/UMSocial/SocialLibraries/QQ",
					"$(PROJECT_DIR)/HutHelper/Lib/UMSocial/SocialLibraries/Sina",
					"$(PROJECT_DIR)/HutHelper/Lib/UMSocial/SocialLibraries/WeChat",
				);
				NEW_SETTING = "";
				PRODUCT_BUNDLE_IDENTIFIER = name.wxz.HutHelper;
				PRODUCT_NAME = "$(TARGET_NAME)";
				PROVISIONING_PROFILE = "";
				PROVISIONING_PROFILE_SPECIFIER = "";
				SWIFT_OBJC_BRIDGING_HEADER = "HutHelper-Bridging-Header.h";
				SWIFT_VERSION = 3.0;
				TARGETED_DEVICE_FAMILY = "1,2";
			};
			name = Release;
		};
/* End XCBuildConfiguration section */

/* Begin XCConfigurationList section */
		3A2FF4F61E50179700B07EB6 /* Build configuration list for PBXNativeTarget "Extend" */ = {
			isa = XCConfigurationList;
			buildConfigurations = (
				3A2FF4F71E50179700B07EB6 /* Debug */,
				3A2FF4F81E50179700B07EB6 /* Release */,
			);
			defaultConfigurationIsVisible = 0;
			defaultConfigurationName = Release;
		};
		3A8567761DA908AA00EBD44A /* Build configuration list for PBXProject "HutHelper" */ = {
			isa = XCConfigurationList;
			buildConfigurations = (
				3A8567901DA908AA00EBD44A /* Debug */,
				3A8567911DA908AA00EBD44A /* Release */,
			);
			defaultConfigurationIsVisible = 0;
			defaultConfigurationName = Release;
		};
		3A8567921DA908AA00EBD44A /* Build configuration list for PBXNativeTarget "HutHelper" */ = {
			isa = XCConfigurationList;
			buildConfigurations = (
				3A8567931DA908AA00EBD44A /* Debug */,
				3A8567941DA908AA00EBD44A /* Release */,
			);
			defaultConfigurationIsVisible = 0;
			defaultConfigurationName = Release;
		};
/* End XCConfigurationList section */
	};
	rootObject = 3A8567731DA908AA00EBD44A /* Project object */;
}
